// !$*UTF8*$!
{
	archiveVersion = 1;
	classes = {
	};
	objectVersion = 56;
	objects = {

/* Begin PBXBuildFile section */
		1B04ACFB2BCD0F5D00F6FB8D /* FaceAcupointModel.swift in Sources */ = {isa = PBXBuildFile; fileRef = 1B04ACFA2BCD0F5D00F6FB8D /* FaceAcupointModel.swift */; };
		1B04ACFD2BCD129900F6FB8D /* AcupointData.swift in Sources */ = {isa = PBXBuildFile; fileRef = 1B04ACFC2BCD129900F6FB8D /* AcupointData.swift */; };
		1B04AD002BCD331400F6FB8D /* SearchVC.swift in Sources */ = {isa = PBXBuildFile; fileRef = 1B04ACFF2BCD331400F6FB8D /* SearchVC.swift */; };
		1B04AD022BCD38A300F6FB8D /* SearchTableViewCell.swift in Sources */ = {isa = PBXBuildFile; fileRef = 1B04AD012BCD38A300F6FB8D /* SearchTableViewCell.swift */; };
		1B3882472BE6080300393F94 /* Alert.swift in Sources */ = {isa = PBXBuildFile; fileRef = 1B3882462BE6080300393F94 /* Alert.swift */; };
		1B3882492BE60BB200393F94 /* AuthManager.swift in Sources */ = {isa = PBXBuildFile; fileRef = 1B3882482BE60BB200393F94 /* AuthManager.swift */; };
		1B38824C2BE8FDE700393F94 /* UserProfile.swift in Sources */ = {isa = PBXBuildFile; fileRef = 1B38824B2BE8FDE700393F94 /* UserProfile.swift */; };
		1B38824E2BE9B4C200393F94 /* AlertView.swift in Sources */ = {isa = PBXBuildFile; fileRef = 1B38824D2BE9B4C200393F94 /* AlertView.swift */; };
		1B3ADA972BD9D93F00CF613C /* GenJyuuGothicX-Medium.ttf in Resources */ = {isa = PBXBuildFile; fileRef = 1B3ADA952BD9D80300CF613C /* GenJyuuGothicX-Medium.ttf */; };
		1B3ADA992BD9DAC800CF613C /* ZenMaruGothic-Black.ttf in Resources */ = {isa = PBXBuildFile; fileRef = 1B3ADA982BD9DAC800CF613C /* ZenMaruGothic-Black.ttf */; };
		1B3ADA9B2BD9DACF00CF613C /* ZenMaruGothic-Bold.ttf in Resources */ = {isa = PBXBuildFile; fileRef = 1B3ADA9A2BD9DACF00CF613C /* ZenMaruGothic-Bold.ttf */; };
		1B3ADA9D2BD9DAD500CF613C /* ZenMaruGothic-Medium.ttf in Resources */ = {isa = PBXBuildFile; fileRef = 1B3ADA9C2BD9DAD500CF613C /* ZenMaruGothic-Medium.ttf */; };
		1B3ADA9F2BD9DB3A00CF613C /* ZenMaruGothic-Light.ttf in Resources */ = {isa = PBXBuildFile; fileRef = 1B3ADA9E2BD9DB3A00CF613C /* ZenMaruGothic-Light.ttf */; };
		1B3ADAA12BD9DB4000CF613C /* ZenMaruGothic-Regular.ttf in Resources */ = {isa = PBXBuildFile; fileRef = 1B3ADAA02BD9DB4000CF613C /* ZenMaruGothic-Regular.ttf */; };
		1B3ADAA32BD9DCE700CF613C /* GenJyuuGothicX-Regular.ttf in Resources */ = {isa = PBXBuildFile; fileRef = 1B3ADAA22BD9DCE700CF613C /* GenJyuuGothicX-Regular.ttf */; };
		1B3ADAA52BD9DCF600CF613C /* GenJyuuGothicX-Light.ttf in Resources */ = {isa = PBXBuildFile; fileRef = 1B3ADAA42BD9DCF600CF613C /* GenJyuuGothicX-Light.ttf */; };
		1B3ADAA72BD9DD0B00CF613C /* GenJyuuGothicX-Bold.ttf in Resources */ = {isa = PBXBuildFile; fileRef = 1B3ADAA62BD9DD0A00CF613C /* GenJyuuGothicX-Bold.ttf */; };
		1B49D6F72BEBB86C0034DB6A /* AppleSiginInManager.swift in Sources */ = {isa = PBXBuildFile; fileRef = 1B49D6F62BEBB86C0034DB6A /* AppleSiginInManager.swift */; };
		1B49D6F92BEBB8F10034DB6A /* GoogleSignInManager.swift in Sources */ = {isa = PBXBuildFile; fileRef = 1B49D6F82BEBB8F10034DB6A /* GoogleSignInManager.swift */; };
		1B53803F2BDB557300927D8F /* CommonVC.swift in Sources */ = {isa = PBXBuildFile; fileRef = 1B53803E2BDB557300927D8F /* CommonVC.swift */; };
		1B588ED72C018B3000A4E4FC /* DisplayMode.swift in Sources */ = {isa = PBXBuildFile; fileRef = 1B588ED62C018B3000A4E4FC /* DisplayMode.swift */; };
		1B83A8BF2BCE7ADC00E0C440 /* HomeCollectionViewCell.swift in Sources */ = {isa = PBXBuildFile; fileRef = 1B83A8BE2BCE7ADC00E0C440 /* HomeCollectionViewCell.swift */; };
		1B83A8C12BCE829000E0C440 /* TabController.swift in Sources */ = {isa = PBXBuildFile; fileRef = 1B83A8C02BCE829000E0C440 /* TabController.swift */; };
		1B83A8C42BCEADA200E0C440 /* ArchiveVC.swift in Sources */ = {isa = PBXBuildFile; fileRef = 1B83A8C32BCEADA200E0C440 /* ArchiveVC.swift */; };
		1B83A8C82BCEBC8F00E0C440 /* SwiftDataService.swift in Sources */ = {isa = PBXBuildFile; fileRef = 1B83A8C72BCEBC8F00E0C440 /* SwiftDataService.swift */; };
		1B90B2DC2BDB5BF40069C868 /* CommonCollectionViewCell.swift in Sources */ = {isa = PBXBuildFile; fileRef = 1B90B2DB2BDB5BF40069C868 /* CommonCollectionViewCell.swift */; };
		1B90B2DF2BDB92710069C868 /* DetailVC.swift in Sources */ = {isa = PBXBuildFile; fileRef = 1B90B2DE2BDB92710069C868 /* DetailVC.swift */; };
		1B90B2EF2BDD0C380069C868 /* InitialSignInVC.swift in Sources */ = {isa = PBXBuildFile; fileRef = 1B90B2EE2BDD0C380069C868 /* InitialSignInVC.swift */; };
		1B90B2F12BDD0CAC0069C868 /* LoginVC.swift in Sources */ = {isa = PBXBuildFile; fileRef = 1B90B2F02BDD0CAC0069C868 /* LoginVC.swift */; };
		1B90F1052BD4E50D00452B6D /* InfoCollectionViewCell.swift in Sources */ = {isa = PBXBuildFile; fileRef = 1B90F1042BD4E50D00452B6D /* InfoCollectionViewCell.swift */; };
		1B90F12F2BD7BDF200452B6D /* PromptVC.swift in Sources */ = {isa = PBXBuildFile; fileRef = 1B90F12E2BD7BDF100452B6D /* PromptVC.swift */; };
		1B90F1362BD8EFF900452B6D /* UIFont + Ext.swift in Sources */ = {isa = PBXBuildFile; fileRef = 1B90F1352BD8EFF900452B6D /* UIFont + Ext.swift */; };
		1B90F1382BD8F03000452B6D /* UIColor + Ext.swift in Sources */ = {isa = PBXBuildFile; fileRef = 1B90F1372BD8F03000452B6D /* UIColor + Ext.swift */; };
		1B90F13A2BD8F93D00452B6D /* UIView + Ext.swift in Sources */ = {isa = PBXBuildFile; fileRef = 1B90F1392BD8F93D00452B6D /* UIView + Ext.swift */; };
		1B964F202BC912690005F1CF /* AppDelegate.swift in Sources */ = {isa = PBXBuildFile; fileRef = 1B964F1F2BC912690005F1CF /* AppDelegate.swift */; };
		1B964F222BC912690005F1CF /* SceneDelegate.swift in Sources */ = {isa = PBXBuildFile; fileRef = 1B964F212BC912690005F1CF /* SceneDelegate.swift */; };
		1B964F242BC912690005F1CF /* FaceVC.swift in Sources */ = {isa = PBXBuildFile; fileRef = 1B964F232BC912690005F1CF /* FaceVC.swift */; };
		1B964F2C2BC9126A0005F1CF /* Base in Resources */ = {isa = PBXBuildFile; fileRef = 1B964F2B2BC9126A0005F1CF /* Base */; };
		1B964F532BC93B340005F1CF /* FirebaseAuth in Frameworks */ = {isa = PBXBuildFile; productRef = 1B964F522BC93B340005F1CF /* FirebaseAuth */; };
		1B964F552BC93B340005F1CF /* FirebaseDatabase in Frameworks */ = {isa = PBXBuildFile; productRef = 1B964F542BC93B340005F1CF /* FirebaseDatabase */; };
		1B964F572BC93B340005F1CF /* FirebaseDatabaseSwift in Frameworks */ = {isa = PBXBuildFile; productRef = 1B964F562BC93B340005F1CF /* FirebaseDatabaseSwift */; };
		1B964F592BC93B340005F1CF /* FirebaseFirestore in Frameworks */ = {isa = PBXBuildFile; productRef = 1B964F582BC93B340005F1CF /* FirebaseFirestore */; };
		1B964F5B2BC93B340005F1CF /* FirebaseFirestoreSwift in Frameworks */ = {isa = PBXBuildFile; productRef = 1B964F5A2BC93B340005F1CF /* FirebaseFirestoreSwift */; };
		1B964F5D2BC93B340005F1CF /* FirebaseStorage in Frameworks */ = {isa = PBXBuildFile; productRef = 1B964F5C2BC93B340005F1CF /* FirebaseStorage */; };
		1B964F602BC93B7E0005F1CF /* FirebaseAnalytics in Frameworks */ = {isa = PBXBuildFile; productRef = 1B964F5F2BC93B7E0005F1CF /* FirebaseAnalytics */; };
		1B964F702BCAE7F60005F1CF /* HandVC.swift in Sources */ = {isa = PBXBuildFile; fileRef = 1B964F6F2BCAE7F60005F1CF /* HandVC.swift */; };
		1B964F722BCAE8B10005F1CF /* CameraView.swift in Sources */ = {isa = PBXBuildFile; fileRef = 1B964F712BCAE8B10005F1CF /* CameraView.swift */; };
		1B964F742BCAE8D80005F1CF /* AppError.swift in Sources */ = {isa = PBXBuildFile; fileRef = 1B964F732BCAE8D80005F1CF /* AppError.swift */; };
		1B964F782BCB83220005F1CF /* HomeVC.swift in Sources */ = {isa = PBXBuildFile; fileRef = 1B964F772BCB83220005F1CF /* HomeVC.swift */; };
		1B97B0E72BD0C17A006761CD /* WikiVC.swift in Sources */ = {isa = PBXBuildFile; fileRef = 1B97B0E62BD0C17A006761CD /* WikiVC.swift */; };
		1B97B0E92BD0C6EC006761CD /* WikiVCTableViewCell.swift in Sources */ = {isa = PBXBuildFile; fileRef = 1B97B0E82BD0C6EC006761CD /* WikiVCTableViewCell.swift */; };
		1B9D2AC72BCBD7CC004FDF17 /* HandJointService.swift in Sources */ = {isa = PBXBuildFile; fileRef = 1B9D2AC62BCBD7CC004FDF17 /* HandJointService.swift */; };
		1B9D2ACA2BCBF988004FDF17 /* CHGlassmorphismView in Frameworks */ = {isa = PBXBuildFile; productRef = 1B9D2AC92BCBF988004FDF17 /* CHGlassmorphismView */; };
		1BA2DF562BD118E1005A841E /* HandAcupointModel.swift in Sources */ = {isa = PBXBuildFile; fileRef = 1BA2DF552BD118E1005A841E /* HandAcupointModel.swift */; };
		1BAC823B2BD1F6BB0034299B /* ArchiveTableViewCell.swift in Sources */ = {isa = PBXBuildFile; fileRef = 1BAC823A2BD1F6BB0034299B /* ArchiveTableViewCell.swift */; };
		1BBADDAF2BEC653200611B33 /* FirebaseCrashlytics in Frameworks */ = {isa = PBXBuildFile; productRef = 1BBADDAE2BEC653200611B33 /* FirebaseCrashlytics */; };
		1BBADDB12BEC653F00611B33 /* FirebaseAnalyticsSwift in Frameworks */ = {isa = PBXBuildFile; productRef = 1BBADDB02BEC653F00611B33 /* FirebaseAnalyticsSwift */; };
		1BC6EEA72BDE278A00B6B127 /* GoogleSignIn in Frameworks */ = {isa = PBXBuildFile; productRef = 1BC6EEA62BDE278A00B6B127 /* GoogleSignIn */; };
		1BC6EEA92BDE278A00B6B127 /* GoogleSignInSwift in Frameworks */ = {isa = PBXBuildFile; productRef = 1BC6EEA82BDE278A00B6B127 /* GoogleSignInSwift */; };
		1BC6EEB92BE0657D00B6B127 /* StyleGuide.swift in Sources */ = {isa = PBXBuildFile; fileRef = 1BC6EEB82BE0657D00B6B127 /* StyleGuide.swift */; };
		1BC6EEBC2BE067A400B6B127 /* BaseVC.swift in Sources */ = {isa = PBXBuildFile; fileRef = 1BC6EEBB2BE067A400B6B127 /* BaseVC.swift */; };
		1BC6EEBF2BE0CE6500B6B127 /* CommonModel.swift in Sources */ = {isa = PBXBuildFile; fileRef = 1BC6EEBE2BE0CE6500B6B127 /* CommonModel.swift */; };
		1BC6EEC22BE0E48900B6B127 /* AnimatedCollectionViewLayout in Frameworks */ = {isa = PBXBuildFile; productRef = 1BC6EEC12BE0E48900B6B127 /* AnimatedCollectionViewLayout */; };
		1BC6EECA2BE247B100B6B127 /* Protocols.swift in Sources */ = {isa = PBXBuildFile; fileRef = 1BC6EEC92BE247B100B6B127 /* Protocols.swift */; };
		1BD5A6152BE4FA6B00D50380 /* FirebaseManager.swift in Sources */ = {isa = PBXBuildFile; fileRef = 1BD5A6142BE4FA6B00D50380 /* FirebaseManager.swift */; };
		1BF232182BD13ACA00E2BD5E /* SavedAcupName.swift in Sources */ = {isa = PBXBuildFile; fileRef = 1BF232172BD13ACA00E2BD5E /* SavedAcupName.swift */; };
		1BF76EBC2BFC5C4F00A2D816 /* GoogleService-Info.plist in Resources */ = {isa = PBXBuildFile; fileRef = 1BF76EBB2BFC5C4F00A2D816 /* GoogleService-Info.plist */; };
		1BF9C9052BD0057F00EBEA0E /* Assets.xcassets in Resources */ = {isa = PBXBuildFile; fileRef = 1BF9C9042BD0057F00EBEA0E /* Assets.xcassets */; };
		1BFF00942C09EECD00EE836F /* K.swift in Sources */ = {isa = PBXBuildFile; fileRef = 1BFF00932C09EECD00EE836F /* K.swift */; };
/* End PBXBuildFile section */

/* Begin PBXCopyFilesBuildPhase section */
		1B90F0FF2BD3BC7200452B6D /* Embed Frameworks */ = {
			isa = PBXCopyFilesBuildPhase;
			buildActionMask = 2147483647;
			dstPath = "";
			dstSubfolderSpec = 10;
			files = (
			);
			name = "Embed Frameworks";
			runOnlyForDeploymentPostprocessing = 0;
		};
/* End PBXCopyFilesBuildPhase section */

/* Begin PBXFileReference section */
		1B04ACFA2BCD0F5D00F6FB8D /* FaceAcupointModel.swift */ = {isa = PBXFileReference; lastKnownFileType = sourcecode.swift; path = FaceAcupointModel.swift; sourceTree = "<group>"; };
		1B04ACFC2BCD129900F6FB8D /* AcupointData.swift */ = {isa = PBXFileReference; lastKnownFileType = sourcecode.swift; path = AcupointData.swift; sourceTree = "<group>"; };
		1B04ACFF2BCD331400F6FB8D /* SearchVC.swift */ = {isa = PBXFileReference; lastKnownFileType = sourcecode.swift; path = SearchVC.swift; sourceTree = "<group>"; };
		1B04AD012BCD38A300F6FB8D /* SearchTableViewCell.swift */ = {isa = PBXFileReference; lastKnownFileType = sourcecode.swift; path = SearchTableViewCell.swift; sourceTree = "<group>"; };
		1B3882462BE6080300393F94 /* Alert.swift */ = {isa = PBXFileReference; lastKnownFileType = sourcecode.swift; path = Alert.swift; sourceTree = "<group>"; };
		1B3882482BE60BB200393F94 /* AuthManager.swift */ = {isa = PBXFileReference; lastKnownFileType = sourcecode.swift; path = AuthManager.swift; sourceTree = "<group>"; };
		1B38824B2BE8FDE700393F94 /* UserProfile.swift */ = {isa = PBXFileReference; lastKnownFileType = sourcecode.swift; path = UserProfile.swift; sourceTree = "<group>"; };
		1B38824D2BE9B4C200393F94 /* AlertView.swift */ = {isa = PBXFileReference; lastKnownFileType = sourcecode.swift; path = AlertView.swift; sourceTree = "<group>"; };
		1B3ADA952BD9D80300CF613C /* GenJyuuGothicX-Medium.ttf */ = {isa = PBXFileReference; lastKnownFileType = file; path = "GenJyuuGothicX-Medium.ttf"; sourceTree = "<group>"; };
		1B3ADA982BD9DAC800CF613C /* ZenMaruGothic-Black.ttf */ = {isa = PBXFileReference; lastKnownFileType = file; path = "ZenMaruGothic-Black.ttf"; sourceTree = "<group>"; };
		1B3ADA9A2BD9DACF00CF613C /* ZenMaruGothic-Bold.ttf */ = {isa = PBXFileReference; lastKnownFileType = file; path = "ZenMaruGothic-Bold.ttf"; sourceTree = "<group>"; };
		1B3ADA9C2BD9DAD500CF613C /* ZenMaruGothic-Medium.ttf */ = {isa = PBXFileReference; lastKnownFileType = file; path = "ZenMaruGothic-Medium.ttf"; sourceTree = "<group>"; };
		1B3ADA9E2BD9DB3A00CF613C /* ZenMaruGothic-Light.ttf */ = {isa = PBXFileReference; lastKnownFileType = file; path = "ZenMaruGothic-Light.ttf"; sourceTree = "<group>"; };
		1B3ADAA02BD9DB4000CF613C /* ZenMaruGothic-Regular.ttf */ = {isa = PBXFileReference; lastKnownFileType = file; path = "ZenMaruGothic-Regular.ttf"; sourceTree = "<group>"; };
		1B3ADAA22BD9DCE700CF613C /* GenJyuuGothicX-Regular.ttf */ = {isa = PBXFileReference; lastKnownFileType = file; path = "GenJyuuGothicX-Regular.ttf"; sourceTree = "<group>"; };
		1B3ADAA42BD9DCF600CF613C /* GenJyuuGothicX-Light.ttf */ = {isa = PBXFileReference; lastKnownFileType = file; path = "GenJyuuGothicX-Light.ttf"; sourceTree = "<group>"; };
		1B3ADAA62BD9DD0A00CF613C /* GenJyuuGothicX-Bold.ttf */ = {isa = PBXFileReference; lastKnownFileType = file; path = "GenJyuuGothicX-Bold.ttf"; sourceTree = "<group>"; };
		1B49D6F62BEBB86C0034DB6A /* AppleSiginInManager.swift */ = {isa = PBXFileReference; lastKnownFileType = sourcecode.swift; path = AppleSiginInManager.swift; sourceTree = "<group>"; };
		1B49D6F82BEBB8F10034DB6A /* GoogleSignInManager.swift */ = {isa = PBXFileReference; lastKnownFileType = sourcecode.swift; path = GoogleSignInManager.swift; sourceTree = "<group>"; };
		1B53803E2BDB557300927D8F /* CommonVC.swift */ = {isa = PBXFileReference; lastKnownFileType = sourcecode.swift; path = CommonVC.swift; sourceTree = "<group>"; };
		1B588ED62C018B3000A4E4FC /* DisplayMode.swift */ = {isa = PBXFileReference; lastKnownFileType = sourcecode.swift; path = DisplayMode.swift; sourceTree = "<group>"; };
		1B83A8BE2BCE7ADC00E0C440 /* HomeCollectionViewCell.swift */ = {isa = PBXFileReference; lastKnownFileType = sourcecode.swift; path = HomeCollectionViewCell.swift; sourceTree = "<group>"; };
		1B83A8C02BCE829000E0C440 /* TabController.swift */ = {isa = PBXFileReference; lastKnownFileType = sourcecode.swift; path = TabController.swift; sourceTree = "<group>"; };
		1B83A8C32BCEADA200E0C440 /* ArchiveVC.swift */ = {isa = PBXFileReference; lastKnownFileType = sourcecode.swift; path = ArchiveVC.swift; sourceTree = "<group>"; };
		1B83A8C72BCEBC8F00E0C440 /* SwiftDataService.swift */ = {isa = PBXFileReference; lastKnownFileType = sourcecode.swift; path = SwiftDataService.swift; sourceTree = "<group>"; };
		1B90B2DB2BDB5BF40069C868 /* CommonCollectionViewCell.swift */ = {isa = PBXFileReference; lastKnownFileType = sourcecode.swift; path = CommonCollectionViewCell.swift; sourceTree = "<group>"; };
		1B90B2DE2BDB92710069C868 /* DetailVC.swift */ = {isa = PBXFileReference; lastKnownFileType = sourcecode.swift; path = DetailVC.swift; sourceTree = "<group>"; };
		1B90B2EC2BDCDCBE0069C868 /* Acupoint.entitlements */ = {isa = PBXFileReference; lastKnownFileType = text.plist.entitlements; path = Acupoint.entitlements; sourceTree = "<group>"; };
		1B90B2EE2BDD0C380069C868 /* InitialSignInVC.swift */ = {isa = PBXFileReference; lastKnownFileType = sourcecode.swift; path = InitialSignInVC.swift; sourceTree = "<group>"; };
		1B90B2F02BDD0CAC0069C868 /* LoginVC.swift */ = {isa = PBXFileReference; lastKnownFileType = sourcecode.swift; path = LoginVC.swift; sourceTree = "<group>"; };
		1B90F1042BD4E50D00452B6D /* InfoCollectionViewCell.swift */ = {isa = PBXFileReference; lastKnownFileType = sourcecode.swift; path = InfoCollectionViewCell.swift; sourceTree = "<group>"; };
		1B90F12E2BD7BDF100452B6D /* PromptVC.swift */ = {isa = PBXFileReference; lastKnownFileType = sourcecode.swift; path = PromptVC.swift; sourceTree = "<group>"; };
		1B90F1352BD8EFF900452B6D /* UIFont + Ext.swift */ = {isa = PBXFileReference; lastKnownFileType = sourcecode.swift; path = "UIFont + Ext.swift"; sourceTree = "<group>"; };
		1B90F1372BD8F03000452B6D /* UIColor + Ext.swift */ = {isa = PBXFileReference; lastKnownFileType = sourcecode.swift; path = "UIColor + Ext.swift"; sourceTree = "<group>"; };
		1B90F1392BD8F93D00452B6D /* UIView + Ext.swift */ = {isa = PBXFileReference; lastKnownFileType = sourcecode.swift; path = "UIView + Ext.swift"; sourceTree = "<group>"; };
		1B964F1C2BC912690005F1CF /* Acupoint.app */ = {isa = PBXFileReference; explicitFileType = wrapper.application; includeInIndex = 0; path = Acupoint.app; sourceTree = BUILT_PRODUCTS_DIR; };
		1B964F1F2BC912690005F1CF /* AppDelegate.swift */ = {isa = PBXFileReference; lastKnownFileType = sourcecode.swift; path = AppDelegate.swift; sourceTree = "<group>"; };
		1B964F212BC912690005F1CF /* SceneDelegate.swift */ = {isa = PBXFileReference; lastKnownFileType = sourcecode.swift; path = SceneDelegate.swift; sourceTree = "<group>"; };
		1B964F232BC912690005F1CF /* FaceVC.swift */ = {isa = PBXFileReference; lastKnownFileType = sourcecode.swift; path = FaceVC.swift; sourceTree = "<group>"; };
		1B964F2B2BC9126A0005F1CF /* Base */ = {isa = PBXFileReference; lastKnownFileType = file.storyboard; name = Base; path = Base.lproj/LaunchScreen.storyboard; sourceTree = "<group>"; };
		1B964F2D2BC9126A0005F1CF /* Info.plist */ = {isa = PBXFileReference; lastKnownFileType = text.plist.xml; path = Info.plist; sourceTree = "<group>"; };
		1B964F6F2BCAE7F60005F1CF /* HandVC.swift */ = {isa = PBXFileReference; lastKnownFileType = sourcecode.swift; path = HandVC.swift; sourceTree = "<group>"; };
		1B964F712BCAE8B10005F1CF /* CameraView.swift */ = {isa = PBXFileReference; lastKnownFileType = sourcecode.swift; path = CameraView.swift; sourceTree = "<group>"; };
		1B964F732BCAE8D80005F1CF /* AppError.swift */ = {isa = PBXFileReference; lastKnownFileType = sourcecode.swift; path = AppError.swift; sourceTree = "<group>"; };
		1B964F772BCB83220005F1CF /* HomeVC.swift */ = {isa = PBXFileReference; lastKnownFileType = sourcecode.swift; path = HomeVC.swift; sourceTree = "<group>"; };
		1B97B0E62BD0C17A006761CD /* WikiVC.swift */ = {isa = PBXFileReference; lastKnownFileType = sourcecode.swift; path = WikiVC.swift; sourceTree = "<group>"; };
		1B97B0E82BD0C6EC006761CD /* WikiVCTableViewCell.swift */ = {isa = PBXFileReference; lastKnownFileType = sourcecode.swift; path = WikiVCTableViewCell.swift; sourceTree = "<group>"; };
		1B9D2AC62BCBD7CC004FDF17 /* HandJointService.swift */ = {isa = PBXFileReference; lastKnownFileType = sourcecode.swift; path = HandJointService.swift; sourceTree = "<group>"; };
		1BA2DF552BD118E1005A841E /* HandAcupointModel.swift */ = {isa = PBXFileReference; lastKnownFileType = sourcecode.swift; path = HandAcupointModel.swift; sourceTree = "<group>"; };
		1BAC823A2BD1F6BB0034299B /* ArchiveTableViewCell.swift */ = {isa = PBXFileReference; lastKnownFileType = sourcecode.swift; path = ArchiveTableViewCell.swift; sourceTree = "<group>"; };
		1BC6EEB82BE0657D00B6B127 /* StyleGuide.swift */ = {isa = PBXFileReference; lastKnownFileType = sourcecode.swift; path = StyleGuide.swift; sourceTree = "<group>"; };
		1BC6EEBB2BE067A400B6B127 /* BaseVC.swift */ = {isa = PBXFileReference; lastKnownFileType = sourcecode.swift; path = BaseVC.swift; sourceTree = "<group>"; };
		1BC6EEBE2BE0CE6500B6B127 /* CommonModel.swift */ = {isa = PBXFileReference; lastKnownFileType = sourcecode.swift; path = CommonModel.swift; sourceTree = "<group>"; };
		1BC6EEC92BE247B100B6B127 /* Protocols.swift */ = {isa = PBXFileReference; lastKnownFileType = sourcecode.swift; path = Protocols.swift; sourceTree = "<group>"; };
		1BD5A6142BE4FA6B00D50380 /* FirebaseManager.swift */ = {isa = PBXFileReference; lastKnownFileType = sourcecode.swift; path = FirebaseManager.swift; sourceTree = "<group>"; };
		1BF232172BD13ACA00E2BD5E /* SavedAcupName.swift */ = {isa = PBXFileReference; lastKnownFileType = sourcecode.swift; path = SavedAcupName.swift; sourceTree = "<group>"; };
		1BF76EBB2BFC5C4F00A2D816 /* GoogleService-Info.plist */ = {isa = PBXFileReference; fileEncoding = 4; lastKnownFileType = text.plist.xml; path = "GoogleService-Info.plist"; sourceTree = "<group>"; };
		1BF9C9042BD0057F00EBEA0E /* Assets.xcassets */ = {isa = PBXFileReference; lastKnownFileType = folder.assetcatalog; path = Assets.xcassets; sourceTree = "<group>"; };
		1BFF00932C09EECD00EE836F /* K.swift */ = {isa = PBXFileReference; lastKnownFileType = sourcecode.swift; path = K.swift; sourceTree = "<group>"; };
/* End PBXFileReference section */

/* Begin PBXFrameworksBuildPhase section */
		1B964F192BC912690005F1CF /* Frameworks */ = {
			isa = PBXFrameworksBuildPhase;
			buildActionMask = 2147483647;
			files = (
				1B964F602BC93B7E0005F1CF /* FirebaseAnalytics in Frameworks */,
				1B964F5B2BC93B340005F1CF /* FirebaseFirestoreSwift in Frameworks */,
				1B9D2ACA2BCBF988004FDF17 /* CHGlassmorphismView in Frameworks */,
				1B964F572BC93B340005F1CF /* FirebaseDatabaseSwift in Frameworks */,
				1B964F592BC93B340005F1CF /* FirebaseFirestore in Frameworks */,
				1BC6EEC22BE0E48900B6B127 /* AnimatedCollectionViewLayout in Frameworks */,
				1BC6EEA92BDE278A00B6B127 /* GoogleSignInSwift in Frameworks */,
				1B964F552BC93B340005F1CF /* FirebaseDatabase in Frameworks */,
				1B964F532BC93B340005F1CF /* FirebaseAuth in Frameworks */,
				1BBADDB12BEC653F00611B33 /* FirebaseAnalyticsSwift in Frameworks */,
				1BBADDAF2BEC653200611B33 /* FirebaseCrashlytics in Frameworks */,
				1B964F5D2BC93B340005F1CF /* FirebaseStorage in Frameworks */,
				1BC6EEA72BDE278A00B6B127 /* GoogleSignIn in Frameworks */,
			);
			runOnlyForDeploymentPostprocessing = 0;
		};
/* End PBXFrameworksBuildPhase section */

/* Begin PBXGroup section */
		1B04ACF92BCD0F3500F6FB8D /* Model */ = {
			isa = PBXGroup;
			children = (
				1BF232172BD13ACA00E2BD5E /* SavedAcupName.swift */,
				1B04ACFA2BCD0F5D00F6FB8D /* FaceAcupointModel.swift */,
				1BA2DF552BD118E1005A841E /* HandAcupointModel.swift */,
				1BC6EEBE2BE0CE6500B6B127 /* CommonModel.swift */,
				1B38824B2BE8FDE700393F94 /* UserProfile.swift */,
			);
			path = Model;
			sourceTree = "<group>";
		};
		1B04ACFE2BCD32EE00F6FB8D /* SearchPage */ = {
			isa = PBXGroup;
			children = (
				1B04ACFF2BCD331400F6FB8D /* SearchVC.swift */,
				1B04AD012BCD38A300F6FB8D /* SearchTableViewCell.swift */,
			);
			path = SearchPage;
			sourceTree = "<group>";
		};
		1B3ADA962BD9D8F900CF613C /* Resources */ = {
			isa = PBXGroup;
			children = (
				1BC6EEB12BDE655100B6B127 /* Data */,
				1BC6EEB02BDE648A00B6B127 /* Font */,
			);
			path = Resources;
			sourceTree = "<group>";
		};
		1B53803D2BDB553D00927D8F /* CommonPage */ = {
			isa = PBXGroup;
			children = (
				1B53803E2BDB557300927D8F /* CommonVC.swift */,
				1B90B2DB2BDB5BF40069C868 /* CommonCollectionViewCell.swift */,
			);
			path = CommonPage;
			sourceTree = "<group>";
		};
		1B588ED52C018B0E00A4E4FC /* TrackPage */ = {
			isa = PBXGroup;
			children = (
				1B588ED62C018B3000A4E4FC /* DisplayMode.swift */,
				1B90F1042BD4E50D00452B6D /* InfoCollectionViewCell.swift */,
				1B964F762BCAE9410005F1CF /* FaceTrack */,
				1B964F752BCAE9330005F1CF /* HandTrack */,
			);
			path = TrackPage;
			sourceTree = "<group>";
		};
		1B83A8BB2BCE752100E0C440 /* HomePage */ = {
			isa = PBXGroup;
			children = (
				1B38824D2BE9B4C200393F94 /* AlertView.swift */,
				1B964F772BCB83220005F1CF /* HomeVC.swift */,
				1B83A8BE2BCE7ADC00E0C440 /* HomeCollectionViewCell.swift */,
			);
			path = HomePage;
			sourceTree = "<group>";
		};
		1B83A8C22BCEAD5A00E0C440 /* ArchivePage */ = {
			isa = PBXGroup;
			children = (
				1B83A8C32BCEADA200E0C440 /* ArchiveVC.swift */,
				1BAC823A2BD1F6BB0034299B /* ArchiveTableViewCell.swift */,
			);
			path = ArchivePage;
			sourceTree = "<group>";
		};
		1B90B2DD2BDB922E0069C868 /* DetailPage */ = {
			isa = PBXGroup;
			children = (
				1B90B2DE2BDB92710069C868 /* DetailVC.swift */,
			);
			path = DetailPage;
			sourceTree = "<group>";
		};
		1B90B2E12BDBA0AC0069C868 /* Manager */ = {
			isa = PBXGroup;
			children = (
				1BD5A6142BE4FA6B00D50380 /* FirebaseManager.swift */,
				1B3882482BE60BB200393F94 /* AuthManager.swift */,
				1B49D6F62BEBB86C0034DB6A /* AppleSiginInManager.swift */,
				1B49D6F82BEBB8F10034DB6A /* GoogleSignInManager.swift */,
			);
			path = Manager;
			sourceTree = "<group>";
		};
		1B90B2ED2BDD0C160069C868 /* LoginInPage */ = {
			isa = PBXGroup;
			children = (
				1B90B2EE2BDD0C380069C868 /* InitialSignInVC.swift */,
				1B90B2F02BDD0CAC0069C868 /* LoginVC.swift */,
			);
			path = LoginInPage;
			sourceTree = "<group>";
		};
		1B90F1062BD794CC00452B6D /* Service */ = {
			isa = PBXGroup;
			children = (
				1B83A8C72BCEBC8F00E0C440 /* SwiftDataService.swift */,
				1B9D2AC62BCBD7CC004FDF17 /* HandJointService.swift */,
			);
			path = Service;
			sourceTree = "<group>";
		};
		1B90F12D2BD7BDA800452B6D /* PromptPage */ = {
			isa = PBXGroup;
			children = (
				1B90F12E2BD7BDF100452B6D /* PromptVC.swift */,
			);
			path = PromptPage;
			sourceTree = "<group>";
		};
		1B90F1302BD87F4700452B6D /* Extension */ = {
			isa = PBXGroup;
			children = (
				1B90F1352BD8EFF900452B6D /* UIFont + Ext.swift */,
				1B90F1372BD8F03000452B6D /* UIColor + Ext.swift */,
				1B90F1392BD8F93D00452B6D /* UIView + Ext.swift */,
			);
			path = Extension;
			sourceTree = "<group>";
		};
		1B964F132BC912680005F1CF = {
			isa = PBXGroup;
			children = (
				1B3ADA962BD9D8F900CF613C /* Resources */,
				1B964F1E2BC912690005F1CF /* Acupoint */,
				1B964F1D2BC912690005F1CF /* Products */,
				1B964F5E2BC93B7E0005F1CF /* Frameworks */,
			);
			sourceTree = "<group>";
		};
		1B964F1D2BC912690005F1CF /* Products */ = {
			isa = PBXGroup;
			children = (
				1B964F1C2BC912690005F1CF /* Acupoint.app */,
			);
			name = Products;
			sourceTree = "<group>";
		};
		1B964F1E2BC912690005F1CF /* Acupoint */ = {
			isa = PBXGroup;
			children = (
				1B90B2EC2BDCDCBE0069C868 /* Acupoint.entitlements */,
				1B964F1F2BC912690005F1CF /* AppDelegate.swift */,
				1B964F212BC912690005F1CF /* SceneDelegate.swift */,
				1B83A8C02BCE829000E0C440 /* TabController.swift */,
				1BC6EEB22BDE65C800B6B127 /* UI */,
				1BC6EEBA2BE0673800B6B127 /* Base */,
				1B90B2E12BDBA0AC0069C868 /* Manager */,
				1B90F1062BD794CC00452B6D /* Service */,
				1B04ACF92BCD0F3500F6FB8D /* Model */,
				1BC6EEB52BDE664E00B6B127 /* ViewControllers */,
				1B964F2A2BC9126A0005F1CF /* LaunchScreen.storyboard */,
				1BF9C9042BD0057F00EBEA0E /* Assets.xcassets */,
				1BF76EBB2BFC5C4F00A2D816 /* GoogleService-Info.plist */,
				1B964F2D2BC9126A0005F1CF /* Info.plist */,
			);
			path = Acupoint;
			sourceTree = "<group>";
		};
		1B964F5E2BC93B7E0005F1CF /* Frameworks */ = {
			isa = PBXGroup;
			children = (
			);
			name = Frameworks;
			sourceTree = "<group>";
		};
		1B964F752BCAE9330005F1CF /* HandTrack */ = {
			isa = PBXGroup;
			children = (
				1B964F6F2BCAE7F60005F1CF /* HandVC.swift */,
				1B964F712BCAE8B10005F1CF /* CameraView.swift */,
				1B964F732BCAE8D80005F1CF /* AppError.swift */,
			);
			path = HandTrack;
			sourceTree = "<group>";
		};
		1B964F762BCAE9410005F1CF /* FaceTrack */ = {
			isa = PBXGroup;
			children = (
				1B964F232BC912690005F1CF /* FaceVC.swift */,
			);
			path = FaceTrack;
			sourceTree = "<group>";
		};
		1B97B0E52BD0C135006761CD /* WikiPage */ = {
			isa = PBXGroup;
			children = (
				1B97B0E62BD0C17A006761CD /* WikiVC.swift */,
				1B97B0E82BD0C6EC006761CD /* WikiVCTableViewCell.swift */,
			);
			path = WikiPage;
			sourceTree = "<group>";
		};
		1BC6EEB02BDE648A00B6B127 /* Font */ = {
			isa = PBXGroup;
			children = (
				1B3ADA982BD9DAC800CF613C /* ZenMaruGothic-Black.ttf */,
				1B3ADA9A2BD9DACF00CF613C /* ZenMaruGothic-Bold.ttf */,
				1B3ADA9C2BD9DAD500CF613C /* ZenMaruGothic-Medium.ttf */,
				1B3ADAA02BD9DB4000CF613C /* ZenMaruGothic-Regular.ttf */,
				1B3ADA9E2BD9DB3A00CF613C /* ZenMaruGothic-Light.ttf */,
				1B3ADAA62BD9DD0A00CF613C /* GenJyuuGothicX-Bold.ttf */,
				1B3ADA952BD9D80300CF613C /* GenJyuuGothicX-Medium.ttf */,
				1B3ADAA22BD9DCE700CF613C /* GenJyuuGothicX-Regular.ttf */,
				1B3ADAA42BD9DCF600CF613C /* GenJyuuGothicX-Light.ttf */,
			);
			path = Font;
			sourceTree = "<group>";
		};
		1BC6EEB12BDE655100B6B127 /* Data */ = {
			isa = PBXGroup;
			children = (
				1B04ACFC2BCD129900F6FB8D /* AcupointData.swift */,
				1BFF00932C09EECD00EE836F /* K.swift */,
			);
			path = Data;
			sourceTree = "<group>";
		};
		1BC6EEB22BDE65C800B6B127 /* UI */ = {
			isa = PBXGroup;
			children = (
				1BC6EEB82BE0657D00B6B127 /* StyleGuide.swift */,
				1B90F1302BD87F4700452B6D /* Extension */,
			);
			path = UI;
			sourceTree = "<group>";
		};
		1BC6EEB52BDE664E00B6B127 /* ViewControllers */ = {
			isa = PBXGroup;
			children = (
				1B90B2ED2BDD0C160069C868 /* LoginInPage */,
				1B83A8BB2BCE752100E0C440 /* HomePage */,
				1B83A8C22BCEAD5A00E0C440 /* ArchivePage */,
				1B04ACFE2BCD32EE00F6FB8D /* SearchPage */,
				1B588ED52C018B0E00A4E4FC /* TrackPage */,
				1B90F12D2BD7BDA800452B6D /* PromptPage */,
				1B97B0E52BD0C135006761CD /* WikiPage */,
				1B90B2DD2BDB922E0069C868 /* DetailPage */,
				1B53803D2BDB553D00927D8F /* CommonPage */,
			);
			path = ViewControllers;
			sourceTree = "<group>";
		};
		1BC6EEBA2BE0673800B6B127 /* Base */ = {
			isa = PBXGroup;
			children = (
				1BC6EEBB2BE067A400B6B127 /* BaseVC.swift */,
				1B3882462BE6080300393F94 /* Alert.swift */,
				1BC6EEC92BE247B100B6B127 /* Protocols.swift */,
			);
			path = Base;
			sourceTree = "<group>";
		};
/* End PBXGroup section */

/* Begin PBXNativeTarget section */
		1B964F1B2BC912690005F1CF /* Acupoint */ = {
			isa = PBXNativeTarget;
			buildConfigurationList = 1B964F302BC9126A0005F1CF /* Build configuration list for PBXNativeTarget "Acupoint" */;
			buildPhases = (
				1B964F182BC912690005F1CF /* Sources */,
				1B964F192BC912690005F1CF /* Frameworks */,
				1B964F1A2BC912690005F1CF /* Resources */,
				1B90F0FF2BD3BC7200452B6D /* Embed Frameworks */,
				1BBADDB22BEC65BC00611B33 /* ShellScript */,
			);
			buildRules = (
			);
			dependencies = (
				1B964F642BC93ED90005F1CF /* PBXTargetDependency */,
			);
			name = Acupoint;
			packageProductDependencies = (
				1B964F522BC93B340005F1CF /* FirebaseAuth */,
				1B964F542BC93B340005F1CF /* FirebaseDatabase */,
				1B964F562BC93B340005F1CF /* FirebaseDatabaseSwift */,
				1B964F582BC93B340005F1CF /* FirebaseFirestore */,
				1B964F5A2BC93B340005F1CF /* FirebaseFirestoreSwift */,
				1B964F5C2BC93B340005F1CF /* FirebaseStorage */,
				1B964F5F2BC93B7E0005F1CF /* FirebaseAnalytics */,
				1B9D2AC92BCBF988004FDF17 /* CHGlassmorphismView */,
				1BC6EEA62BDE278A00B6B127 /* GoogleSignIn */,
				1BC6EEA82BDE278A00B6B127 /* GoogleSignInSwift */,
				1BC6EEC12BE0E48900B6B127 /* AnimatedCollectionViewLayout */,
				1BBADDAE2BEC653200611B33 /* FirebaseCrashlytics */,
				1BBADDB02BEC653F00611B33 /* FirebaseAnalyticsSwift */,
			);
			productName = Acupoint;
			productReference = 1B964F1C2BC912690005F1CF /* Acupoint.app */;
			productType = "com.apple.product-type.application";
		};
/* End PBXNativeTarget section */

/* Begin PBXProject section */
		1B964F142BC912680005F1CF /* Project object */ = {
			isa = PBXProject;
			attributes = {
				BuildIndependentTargetsInParallel = 1;
				LastSwiftUpdateCheck = 1530;
				LastUpgradeCheck = 1530;
				TargetAttributes = {
					1B964F1B2BC912690005F1CF = {
						CreatedOnToolsVersion = 15.3;
					};
				};
			};
			buildConfigurationList = 1B964F172BC912680005F1CF /* Build configuration list for PBXProject "Acupoint" */;
			compatibilityVersion = "Xcode 14.0";
			developmentRegion = en;
			hasScannedForEncodings = 0;
			knownRegions = (
				en,
				Base,
			);
			mainGroup = 1B964F132BC912680005F1CF;
			packageReferences = (
				1B964F472BC9365D0005F1CF /* XCRemoteSwiftPackageReference "SwiftLint" */,
				1B964F512BC93B340005F1CF /* XCRemoteSwiftPackageReference "firebase-ios-sdk" */,
				1B9D2AC82BCBF988004FDF17 /* XCRemoteSwiftPackageReference "CHGlassmorphismView" */,
				1BC6EEA52BDE278900B6B127 /* XCRemoteSwiftPackageReference "GoogleSignIn-iOS" */,
				1BC6EEC02BE0E48900B6B127 /* XCRemoteSwiftPackageReference "AnimatedCollectionViewLayout" */,
			);
			productRefGroup = 1B964F1D2BC912690005F1CF /* Products */;
			projectDirPath = "";
			projectRoot = "";
			targets = (
				1B964F1B2BC912690005F1CF /* Acupoint */,
			);
		};
/* End PBXProject section */

/* Begin PBXResourcesBuildPhase section */
		1B964F1A2BC912690005F1CF /* Resources */ = {
			isa = PBXResourcesBuildPhase;
			buildActionMask = 2147483647;
			files = (
				1BF76EBC2BFC5C4F00A2D816 /* GoogleService-Info.plist in Resources */,
				1BF9C9052BD0057F00EBEA0E /* Assets.xcassets in Resources */,
				1B3ADAA52BD9DCF600CF613C /* GenJyuuGothicX-Light.ttf in Resources */,
				1B3ADA9D2BD9DAD500CF613C /* ZenMaruGothic-Medium.ttf in Resources */,
				1B3ADAA32BD9DCE700CF613C /* GenJyuuGothicX-Regular.ttf in Resources */,
				1B3ADA9F2BD9DB3A00CF613C /* ZenMaruGothic-Light.ttf in Resources */,
				1B964F2C2BC9126A0005F1CF /* Base in Resources */,
				1B3ADA972BD9D93F00CF613C /* GenJyuuGothicX-Medium.ttf in Resources */,
				1B3ADA992BD9DAC800CF613C /* ZenMaruGothic-Black.ttf in Resources */,
				1B3ADAA72BD9DD0B00CF613C /* GenJyuuGothicX-Bold.ttf in Resources */,
				1B3ADAA12BD9DB4000CF613C /* ZenMaruGothic-Regular.ttf in Resources */,
				1B3ADA9B2BD9DACF00CF613C /* ZenMaruGothic-Bold.ttf in Resources */,
			);
			runOnlyForDeploymentPostprocessing = 0;
		};
/* End PBXResourcesBuildPhase section */

/* Begin PBXShellScriptBuildPhase section */
		1BBADDB22BEC65BC00611B33 /* ShellScript */ = {
			isa = PBXShellScriptBuildPhase;
			buildActionMask = 2147483647;
			files = (
			);
			inputFileListPaths = (
			);
			inputPaths = (
				"${DWARF_DSYM_FOLDER_PATH}/${DWARF_DSYM_FILE_NAME}",
				"${DWARF_DSYM_FOLDER_PATH}/${DWARF_DSYM_FILE_NAME}/Contents/Resources/DWARF/${PRODUCT_NAME}\n",
				"${DWARF_DSYM_FOLDER_PATH}/${DWARF_DSYM_FILE_NAME}/Contents/Info.plist\n",
				"$(TARGET_BUILD_DIR)/$(UNLOCALIZED_RESOURCES_FOLDER_PATH)/GoogleService-Info.plist\n",
				"$(TARGET_BUILD_DIR)/$(EXECUTABLE_PATH)\n",
			);
			outputFileListPaths = (
			);
			outputPaths = (
			);
			runOnlyForDeploymentPostprocessing = 0;
			shellPath = /bin/sh;
			shellScript = "# Type a script or drag a script file from your workspace to insert its path.\n\"${BUILD_DIR%/Build/*}/SourcePackages/checkouts/firebase-ios-sdk/Crashlytics/run\"\n";
		};
/* End PBXShellScriptBuildPhase section */

/* Begin PBXSourcesBuildPhase section */
		1B964F182BC912690005F1CF /* Sources */ = {
			isa = PBXSourcesBuildPhase;
			buildActionMask = 2147483647;
			files = (
				1B90B2EF2BDD0C380069C868 /* InitialSignInVC.swift in Sources */,
				1B3882492BE60BB200393F94 /* AuthManager.swift in Sources */,
				1B49D6F72BEBB86C0034DB6A /* AppleSiginInManager.swift in Sources */,
				1B97B0E92BD0C6EC006761CD /* WikiVCTableViewCell.swift in Sources */,
				1BA2DF562BD118E1005A841E /* HandAcupointModel.swift in Sources */,
				1B90B2F12BDD0CAC0069C868 /* LoginVC.swift in Sources */,
				1B83A8C82BCEBC8F00E0C440 /* SwiftDataService.swift in Sources */,
				1B964F702BCAE7F60005F1CF /* HandVC.swift in Sources */,
				1B90F12F2BD7BDF200452B6D /* PromptVC.swift in Sources */,
				1B04AD002BCD331400F6FB8D /* SearchVC.swift in Sources */,
				1BC6EEBC2BE067A400B6B127 /* BaseVC.swift in Sources */,
				1B49D6F92BEBB8F10034DB6A /* GoogleSignInManager.swift in Sources */,
				1B90F1052BD4E50D00452B6D /* InfoCollectionViewCell.swift in Sources */,
				1B83A8C12BCE829000E0C440 /* TabController.swift in Sources */,
				1B9D2AC72BCBD7CC004FDF17 /* HandJointService.swift in Sources */,
				1BD5A6152BE4FA6B00D50380 /* FirebaseManager.swift in Sources */,
				1B964F782BCB83220005F1CF /* HomeVC.swift in Sources */,
				1BF232182BD13ACA00E2BD5E /* SavedAcupName.swift in Sources */,
				1B38824C2BE8FDE700393F94 /* UserProfile.swift in Sources */,
				1B964F242BC912690005F1CF /* FaceVC.swift in Sources */,
				1B90B2DF2BDB92710069C868 /* DetailVC.swift in Sources */,
				1B90F1362BD8EFF900452B6D /* UIFont + Ext.swift in Sources */,
				1B588ED72C018B3000A4E4FC /* DisplayMode.swift in Sources */,
				1B83A8BF2BCE7ADC00E0C440 /* HomeCollectionViewCell.swift in Sources */,
				1BC6EEB92BE0657D00B6B127 /* StyleGuide.swift in Sources */,
				1B04ACFD2BCD129900F6FB8D /* AcupointData.swift in Sources */,
				1B38824E2BE9B4C200393F94 /* AlertView.swift in Sources */,
				1B964F742BCAE8D80005F1CF /* AppError.swift in Sources */,
				1B97B0E72BD0C17A006761CD /* WikiVC.swift in Sources */,
				1B90B2DC2BDB5BF40069C868 /* CommonCollectionViewCell.swift in Sources */,
				1B3882472BE6080300393F94 /* Alert.swift in Sources */,
				1B90F1382BD8F03000452B6D /* UIColor + Ext.swift in Sources */,
				1BFF00942C09EECD00EE836F /* K.swift in Sources */,
				1B53803F2BDB557300927D8F /* CommonVC.swift in Sources */,
				1BC6EECA2BE247B100B6B127 /* Protocols.swift in Sources */,
				1B964F202BC912690005F1CF /* AppDelegate.swift in Sources */,
				1BC6EEBF2BE0CE6500B6B127 /* CommonModel.swift in Sources */,
				1BAC823B2BD1F6BB0034299B /* ArchiveTableViewCell.swift in Sources */,
				1B90F13A2BD8F93D00452B6D /* UIView + Ext.swift in Sources */,
				1B964F722BCAE8B10005F1CF /* CameraView.swift in Sources */,
				1B83A8C42BCEADA200E0C440 /* ArchiveVC.swift in Sources */,
				1B04AD022BCD38A300F6FB8D /* SearchTableViewCell.swift in Sources */,
				1B04ACFB2BCD0F5D00F6FB8D /* FaceAcupointModel.swift in Sources */,
				1B964F222BC912690005F1CF /* SceneDelegate.swift in Sources */,
			);
			runOnlyForDeploymentPostprocessing = 0;
		};
/* End PBXSourcesBuildPhase section */

/* Begin PBXTargetDependency section */
		1B964F642BC93ED90005F1CF /* PBXTargetDependency */ = {
			isa = PBXTargetDependency;
			productRef = 1B964F632BC93ED90005F1CF /* SwiftLintPlugin */;
		};
/* End PBXTargetDependency section */

/* Begin PBXVariantGroup section */
		1B964F2A2BC9126A0005F1CF /* LaunchScreen.storyboard */ = {
			isa = PBXVariantGroup;
			children = (
				1B964F2B2BC9126A0005F1CF /* Base */,
			);
			name = LaunchScreen.storyboard;
			sourceTree = "<group>";
		};
/* End PBXVariantGroup section */

/* Begin XCBuildConfiguration section */
		1B964F2E2BC9126A0005F1CF /* Debug */ = {
			isa = XCBuildConfiguration;
			buildSettings = {
				ALWAYS_SEARCH_USER_PATHS = NO;
				ASSETCATALOG_COMPILER_GENERATE_SWIFT_ASSET_SYMBOL_EXTENSIONS = YES;
				CLANG_ANALYZER_NONNULL = YES;
				CLANG_ANALYZER_NUMBER_OBJECT_CONVERSION = YES_AGGRESSIVE;
				CLANG_CXX_LANGUAGE_STANDARD = "gnu++20";
				CLANG_ENABLE_MODULES = YES;
				CLANG_ENABLE_OBJC_ARC = YES;
				CLANG_ENABLE_OBJC_WEAK = YES;
				CLANG_WARN_BLOCK_CAPTURE_AUTORELEASING = YES;
				CLANG_WARN_BOOL_CONVERSION = YES;
				CLANG_WARN_COMMA = YES;
				CLANG_WARN_CONSTANT_CONVERSION = YES;
				CLANG_WARN_DEPRECATED_OBJC_IMPLEMENTATIONS = YES;
				CLANG_WARN_DIRECT_OBJC_ISA_USAGE = YES_ERROR;
				CLANG_WARN_DOCUMENTATION_COMMENTS = YES;
				CLANG_WARN_EMPTY_BODY = YES;
				CLANG_WARN_ENUM_CONVERSION = YES;
				CLANG_WARN_INFINITE_RECURSION = YES;
				CLANG_WARN_INT_CONVERSION = YES;
				CLANG_WARN_NON_LITERAL_NULL_CONVERSION = YES;
				CLANG_WARN_OBJC_IMPLICIT_RETAIN_SELF = YES;
				CLANG_WARN_OBJC_LITERAL_CONVERSION = YES;
				CLANG_WARN_OBJC_ROOT_CLASS = YES_ERROR;
				CLANG_WARN_QUOTED_INCLUDE_IN_FRAMEWORK_HEADER = YES;
				CLANG_WARN_RANGE_LOOP_ANALYSIS = YES;
				CLANG_WARN_STRICT_PROTOTYPES = YES;
				CLANG_WARN_SUSPICIOUS_MOVE = YES;
				CLANG_WARN_UNGUARDED_AVAILABILITY = YES_AGGRESSIVE;
				CLANG_WARN_UNREACHABLE_CODE = YES;
				CLANG_WARN__DUPLICATE_METHOD_MATCH = YES;
				COPY_PHASE_STRIP = NO;
				DEBUG_INFORMATION_FORMAT = dwarf;
				ENABLE_STRICT_OBJC_MSGSEND = YES;
				ENABLE_TESTABILITY = YES;
				ENABLE_USER_SCRIPT_SANDBOXING = YES;
				GCC_C_LANGUAGE_STANDARD = gnu17;
				GCC_DYNAMIC_NO_PIC = NO;
				GCC_NO_COMMON_BLOCKS = YES;
				GCC_OPTIMIZATION_LEVEL = 0;
				GCC_PREPROCESSOR_DEFINITIONS = (
					"DEBUG=1",
					"$(inherited)",
				);
				GCC_WARN_64_TO_32_BIT_CONVERSION = YES;
				GCC_WARN_ABOUT_RETURN_TYPE = YES_ERROR;
				GCC_WARN_UNDECLARED_SELECTOR = YES;
				GCC_WARN_UNINITIALIZED_AUTOS = YES_AGGRESSIVE;
				GCC_WARN_UNUSED_FUNCTION = YES;
				GCC_WARN_UNUSED_VARIABLE = YES;
				IPHONEOS_DEPLOYMENT_TARGET = 17.0;
				LOCALIZATION_PREFERS_STRING_CATALOGS = YES;
				MTL_ENABLE_DEBUG_INFO = INCLUDE_SOURCE;
				MTL_FAST_MATH = YES;
				ONLY_ACTIVE_ARCH = YES;
				SDKROOT = iphoneos;
				SWIFT_ACTIVE_COMPILATION_CONDITIONS = "DEBUG $(inherited)";
				SWIFT_OPTIMIZATION_LEVEL = "-Onone";
			};
			name = Debug;
		};
		1B964F2F2BC9126A0005F1CF /* Release */ = {
			isa = XCBuildConfiguration;
			buildSettings = {
				ALWAYS_SEARCH_USER_PATHS = NO;
				ASSETCATALOG_COMPILER_GENERATE_SWIFT_ASSET_SYMBOL_EXTENSIONS = YES;
				CLANG_ANALYZER_NONNULL = YES;
				CLANG_ANALYZER_NUMBER_OBJECT_CONVERSION = YES_AGGRESSIVE;
				CLANG_CXX_LANGUAGE_STANDARD = "gnu++20";
				CLANG_ENABLE_MODULES = YES;
				CLANG_ENABLE_OBJC_ARC = YES;
				CLANG_ENABLE_OBJC_WEAK = YES;
				CLANG_WARN_BLOCK_CAPTURE_AUTORELEASING = YES;
				CLANG_WARN_BOOL_CONVERSION = YES;
				CLANG_WARN_COMMA = YES;
				CLANG_WARN_CONSTANT_CONVERSION = YES;
				CLANG_WARN_DEPRECATED_OBJC_IMPLEMENTATIONS = YES;
				CLANG_WARN_DIRECT_OBJC_ISA_USAGE = YES_ERROR;
				CLANG_WARN_DOCUMENTATION_COMMENTS = YES;
				CLANG_WARN_EMPTY_BODY = YES;
				CLANG_WARN_ENUM_CONVERSION = YES;
				CLANG_WARN_INFINITE_RECURSION = YES;
				CLANG_WARN_INT_CONVERSION = YES;
				CLANG_WARN_NON_LITERAL_NULL_CONVERSION = YES;
				CLANG_WARN_OBJC_IMPLICIT_RETAIN_SELF = YES;
				CLANG_WARN_OBJC_LITERAL_CONVERSION = YES;
				CLANG_WARN_OBJC_ROOT_CLASS = YES_ERROR;
				CLANG_WARN_QUOTED_INCLUDE_IN_FRAMEWORK_HEADER = YES;
				CLANG_WARN_RANGE_LOOP_ANALYSIS = YES;
				CLANG_WARN_STRICT_PROTOTYPES = YES;
				CLANG_WARN_SUSPICIOUS_MOVE = YES;
				CLANG_WARN_UNGUARDED_AVAILABILITY = YES_AGGRESSIVE;
				CLANG_WARN_UNREACHABLE_CODE = YES;
				CLANG_WARN__DUPLICATE_METHOD_MATCH = YES;
				COPY_PHASE_STRIP = NO;
				DEBUG_INFORMATION_FORMAT = "dwarf-with-dsym";
				ENABLE_NS_ASSERTIONS = NO;
				ENABLE_STRICT_OBJC_MSGSEND = YES;
				ENABLE_USER_SCRIPT_SANDBOXING = YES;
				GCC_C_LANGUAGE_STANDARD = gnu17;
				GCC_NO_COMMON_BLOCKS = YES;
				GCC_WARN_64_TO_32_BIT_CONVERSION = YES;
				GCC_WARN_ABOUT_RETURN_TYPE = YES_ERROR;
				GCC_WARN_UNDECLARED_SELECTOR = YES;
				GCC_WARN_UNINITIALIZED_AUTOS = YES_AGGRESSIVE;
				GCC_WARN_UNUSED_FUNCTION = YES;
				GCC_WARN_UNUSED_VARIABLE = YES;
				IPHONEOS_DEPLOYMENT_TARGET = 17.0;
				LOCALIZATION_PREFERS_STRING_CATALOGS = YES;
				MTL_ENABLE_DEBUG_INFO = NO;
				MTL_FAST_MATH = YES;
				SDKROOT = iphoneos;
				SWIFT_COMPILATION_MODE = wholemodule;
				VALIDATE_PRODUCT = YES;
			};
			name = Release;
		};
		1B964F312BC9126A0005F1CF /* Debug */ = {
			isa = XCBuildConfiguration;
			buildSettings = {
				ASSETCATALOG_COMPILER_APPICON_NAME = AppIcon;
				ASSETCATALOG_COMPILER_GLOBAL_ACCENT_COLOR_NAME = AccentColor;
				CODE_SIGN_ENTITLEMENTS = Acupoint/Acupoint.entitlements;
				CODE_SIGN_STYLE = Automatic;
				CURRENT_PROJECT_VERSION = 1;
				DEBUG_INFORMATION_FORMAT = "dwarf-with-dsym";
				DEVELOPMENT_TEAM = 96FT7QHVFB;
				ENABLE_USER_SCRIPT_SANDBOXING = NO;
				GENERATE_INFOPLIST_FILE = YES;
				INFOPLIST_FILE = Acupoint/Info.plist;
				INFOPLIST_KEY_CFBundleDisplayName = "穴位百科";
				INFOPLIST_KEY_NSCameraUsageDescription = "允許應用程式開啟相機，使用偵測臉部穴位的功能，您的隱私將受到嚴格的保護措施。";
				INFOPLIST_KEY_UIApplicationSupportsIndirectInputEvents = YES;
				INFOPLIST_KEY_UILaunchStoryboardName = LaunchScreen;
				INFOPLIST_KEY_UISupportedInterfaceOrientations = UIInterfaceOrientationPortrait;
				IPHONEOS_DEPLOYMENT_TARGET = 17.0;
				LD_RUNPATH_SEARCH_PATHS = (
					"$(inherited)",
					"@executable_path/Frameworks",
				);
				MARKETING_VERSION = 1.0.3;
				PRODUCT_BUNDLE_IDENTIFIER = com.bane.Acupoint;
				PRODUCT_NAME = "$(TARGET_NAME)";
				SUPPORTED_PLATFORMS = "iphoneos iphonesimulator";
				SUPPORTS_MACCATALYST = NO;
				SUPPORTS_MAC_DESIGNED_FOR_IPHONE_IPAD = NO;
				SUPPORTS_XR_DESIGNED_FOR_IPHONE_IPAD = NO;
				SWIFT_EMIT_LOC_STRINGS = YES;
				SWIFT_VERSION = 5.0;
				TARGETED_DEVICE_FAMILY = 1;
			};
			name = Debug;
		};
		1B964F322BC9126A0005F1CF /* Release */ = {
			isa = XCBuildConfiguration;
			buildSettings = {
				ASSETCATALOG_COMPILER_APPICON_NAME = AppIcon;
				ASSETCATALOG_COMPILER_GLOBAL_ACCENT_COLOR_NAME = AccentColor;
				CODE_SIGN_ENTITLEMENTS = Acupoint/Acupoint.entitlements;
				CODE_SIGN_STYLE = Automatic;
				CURRENT_PROJECT_VERSION = 1;
				DEVELOPMENT_TEAM = 96FT7QHVFB;
				ENABLE_USER_SCRIPT_SANDBOXING = NO;
				GENERATE_INFOPLIST_FILE = YES;
				INFOPLIST_FILE = Acupoint/Info.plist;
				INFOPLIST_KEY_CFBundleDisplayName = "穴位百科";
				INFOPLIST_KEY_NSCameraUsageDescription = "允許應用程式開啟相機，使用偵測臉部穴位的功能，您的隱私將受到嚴格的保護措施。";
				INFOPLIST_KEY_UIApplicationSupportsIndirectInputEvents = YES;
				INFOPLIST_KEY_UILaunchStoryboardName = LaunchScreen;
				INFOPLIST_KEY_UISupportedInterfaceOrientations = UIInterfaceOrientationPortrait;
				IPHONEOS_DEPLOYMENT_TARGET = 17.0;
				LD_RUNPATH_SEARCH_PATHS = (
					"$(inherited)",
					"@executable_path/Frameworks",
				);
				MARKETING_VERSION = 1.0.3;
				PRODUCT_BUNDLE_IDENTIFIER = com.bane.Acupoint;
				PRODUCT_NAME = "$(TARGET_NAME)";
				SUPPORTED_PLATFORMS = "iphoneos iphonesimulator";
				SUPPORTS_MACCATALYST = NO;
				SUPPORTS_MAC_DESIGNED_FOR_IPHONE_IPAD = NO;
				SUPPORTS_XR_DESIGNED_FOR_IPHONE_IPAD = NO;
				SWIFT_EMIT_LOC_STRINGS = YES;
				SWIFT_VERSION = 5.0;
				TARGETED_DEVICE_FAMILY = 1;
			};
			name = Release;
		};
/* End XCBuildConfiguration section */

/* Begin XCConfigurationList section */
		1B964F172BC912680005F1CF /* Build configuration list for PBXProject "Acupoint" */ = {
			isa = XCConfigurationList;
			buildConfigurations = (
				1B964F2E2BC9126A0005F1CF /* Debug */,
				1B964F2F2BC9126A0005F1CF /* Release */,
			);
			defaultConfigurationIsVisible = 0;
			defaultConfigurationName = Release;
		};
		1B964F302BC9126A0005F1CF /* Build configuration list for PBXNativeTarget "Acupoint" */ = {
			isa = XCConfigurationList;
			buildConfigurations = (
				1B964F312BC9126A0005F1CF /* Debug */,
				1B964F322BC9126A0005F1CF /* Release */,
			);
			defaultConfigurationIsVisible = 0;
			defaultConfigurationName = Release;
		};
/* End XCConfigurationList section */

/* Begin XCRemoteSwiftPackageReference section */
		1B964F472BC9365D0005F1CF /* XCRemoteSwiftPackageReference "SwiftLint" */ = {
			isa = XCRemoteSwiftPackageReference;
			repositoryURL = "https://github.com/realm/SwiftLint.git";
			requirement = {
				kind = upToNextMinorVersion;
				minimumVersion = 0.54.0;
			};
		};
		1B964F512BC93B340005F1CF /* XCRemoteSwiftPackageReference "firebase-ios-sdk" */ = {
			isa = XCRemoteSwiftPackageReference;
			repositoryURL = "https://github.com/firebase/firebase-ios-sdk";
			requirement = {
				kind = upToNextMajorVersion;
				minimumVersion = 10.24.0;
			};
		};
		1B9D2AC82BCBF988004FDF17 /* XCRemoteSwiftPackageReference "CHGlassmorphismView" */ = {
			isa = XCRemoteSwiftPackageReference;
			repositoryURL = "https://github.com/Chaehui-Seo/CHGlassmorphismView.git";
			requirement = {
				kind = upToNextMajorVersion;
				minimumVersion = 0.0.4;
			};
		};
		1BC6EEA52BDE278900B6B127 /* XCRemoteSwiftPackageReference "GoogleSignIn-iOS" */ = {
			isa = XCRemoteSwiftPackageReference;
			repositoryURL = "https://github.com/google/GoogleSignIn-iOS";
			requirement = {
				kind = upToNextMajorVersion;
				minimumVersion = 7.1.0;
			};
		};
		1BC6EEC02BE0E48900B6B127 /* XCRemoteSwiftPackageReference "AnimatedCollectionViewLayout" */ = {
			isa = XCRemoteSwiftPackageReference;
			repositoryURL = "https://github.com/KelvinJin/AnimatedCollectionViewLayout.git";
			requirement = {
				kind = upToNextMajorVersion;
				minimumVersion = 1.1.0;
			};
		};
/* End XCRemoteSwiftPackageReference section */

/* Begin XCSwiftPackageProductDependency section */
		1B964F522BC93B340005F1CF /* FirebaseAuth */ = {
			isa = XCSwiftPackageProductDependency;
			package = 1B964F512BC93B340005F1CF /* XCRemoteSwiftPackageReference "firebase-ios-sdk" */;
			productName = FirebaseAuth;
		};
		1B964F542BC93B340005F1CF /* FirebaseDatabase */ = {
			isa = XCSwiftPackageProductDependency;
			package = 1B964F512BC93B340005F1CF /* XCRemoteSwiftPackageReference "firebase-ios-sdk" */;
			productName = FirebaseDatabase;
		};
		1B964F562BC93B340005F1CF /* FirebaseDatabaseSwift */ = {
			isa = XCSwiftPackageProductDependency;
			package = 1B964F512BC93B340005F1CF /* XCRemoteSwiftPackageReference "firebase-ios-sdk" */;
			productName = FirebaseDatabaseSwift;
		};
		1B964F582BC93B340005F1CF /* FirebaseFirestore */ = {
			isa = XCSwiftPackageProductDependency;
			package = 1B964F512BC93B340005F1CF /* XCRemoteSwiftPackageReference "firebase-ios-sdk" */;
			productName = FirebaseFirestore;
		};
		1B964F5A2BC93B340005F1CF /* FirebaseFirestoreSwift */ = {
			isa = XCSwiftPackageProductDependency;
			package = 1B964F512BC93B340005F1CF /* XCRemoteSwiftPackageReference "firebase-ios-sdk" */;
			productName = FirebaseFirestoreSwift;
		};
		1B964F5C2BC93B340005F1CF /* FirebaseStorage */ = {
			isa = XCSwiftPackageProductDependency;
			package = 1B964F512BC93B340005F1CF /* XCRemoteSwiftPackageReference "firebase-ios-sdk" */;
			productName = FirebaseStorage;
		};
		1B964F5F2BC93B7E0005F1CF /* FirebaseAnalytics */ = {
			isa = XCSwiftPackageProductDependency;
			package = 1B964F512BC93B340005F1CF /* XCRemoteSwiftPackageReference "firebase-ios-sdk" */;
			productName = FirebaseAnalytics;
		};
		1B964F632BC93ED90005F1CF /* SwiftLintPlugin */ = {
			isa = XCSwiftPackageProductDependency;
			package = 1B964F472BC9365D0005F1CF /* XCRemoteSwiftPackageReference "SwiftLint" */;
			productName = "plugin:SwiftLintPlugin";
		};
		1B9D2AC92BCBF988004FDF17 /* CHGlassmorphismView */ = {
			isa = XCSwiftPackageProductDependency;
			package = 1B9D2AC82BCBF988004FDF17 /* XCRemoteSwiftPackageReference "CHGlassmorphismView" */;
			productName = CHGlassmorphismView;
		};
		1BBADDAE2BEC653200611B33 /* FirebaseCrashlytics */ = {
			isa = XCSwiftPackageProductDependency;
			package = 1B964F512BC93B340005F1CF /* XCRemoteSwiftPackageReference "firebase-ios-sdk" */;
			productName = FirebaseCrashlytics;
		};
		1BBADDB02BEC653F00611B33 /* FirebaseAnalyticsSwift */ = {
			isa = XCSwiftPackageProductDependency;
			package = 1B964F512BC93B340005F1CF /* XCRemoteSwiftPackageReference "firebase-ios-sdk" */;
			productName = FirebaseAnalyticsSwift;
		};
		1BC6EEA62BDE278A00B6B127 /* GoogleSignIn */ = {
			isa = XCSwiftPackageProductDependency;
			package = 1BC6EEA52BDE278900B6B127 /* XCRemoteSwiftPackageReference "GoogleSignIn-iOS" */;
			productName = GoogleSignIn;
		};
		1BC6EEA82BDE278A00B6B127 /* GoogleSignInSwift */ = {
			isa = XCSwiftPackageProductDependency;
			package = 1BC6EEA52BDE278900B6B127 /* XCRemoteSwiftPackageReference "GoogleSignIn-iOS" */;
			productName = GoogleSignInSwift;
		};
		1BC6EEC12BE0E48900B6B127 /* AnimatedCollectionViewLayout */ = {
			isa = XCSwiftPackageProductDependency;
			package = 1BC6EEC02BE0E48900B6B127 /* XCRemoteSwiftPackageReference "AnimatedCollectionViewLayout" */;
			productName = AnimatedCollectionViewLayout;
		};
/* End XCSwiftPackageProductDependency section */
	};
	rootObject = 1B964F142BC912680005F1CF /* Project object */;
}
