// !$*UTF8*$!
{
	archiveVersion = 1;
	classes = {
	};
	objectVersion = 56;
	objects = {

/* Begin PBXBuildFile section */
		1B04ACFB2BCD0F5D00F6FB8D /* AcupointLst.swift in Sources */ = {isa = PBXBuildFile; fileRef = 1B04ACFA2BCD0F5D00F6FB8D /* AcupointLst.swift */; };
		1B04ACFD2BCD129900F6FB8D /* AcupointData.swift in Sources */ = {isa = PBXBuildFile; fileRef = 1B04ACFC2BCD129900F6FB8D /* AcupointData.swift */; };
		1B04AD002BCD331400F6FB8D /* SearchVC.swift in Sources */ = {isa = PBXBuildFile; fileRef = 1B04ACFF2BCD331400F6FB8D /* SearchVC.swift */; };
		1B04AD022BCD38A300F6FB8D /* SearchTableViewCell.swift in Sources */ = {isa = PBXBuildFile; fileRef = 1B04AD012BCD38A300F6FB8D /* SearchTableViewCell.swift */; };
		1B3F84552BCF84A2004C355D /* HandPoint.swift in Sources */ = {isa = PBXBuildFile; fileRef = 1B3F84542BCF84A2004C355D /* HandPoint.swift */; };
		1B83A8BF2BCE7ADC00E0C440 /* HomeCollectionViewCell.swift in Sources */ = {isa = PBXBuildFile; fileRef = 1B83A8BE2BCE7ADC00E0C440 /* HomeCollectionViewCell.swift */; };
		1B83A8C12BCE829000E0C440 /* TabController.swift in Sources */ = {isa = PBXBuildFile; fileRef = 1B83A8C02BCE829000E0C440 /* TabController.swift */; };
		1B83A8C42BCEADA200E0C440 /* ArchiveVC.swift in Sources */ = {isa = PBXBuildFile; fileRef = 1B83A8C32BCEADA200E0C440 /* ArchiveVC.swift */; };
		1B83A8C62BCEAF6000E0C440 /* SaveData.swift in Sources */ = {isa = PBXBuildFile; fileRef = 1B83A8C52BCEAF6000E0C440 /* SaveData.swift */; };
		1B83A8C82BCEBC8F00E0C440 /* DatabaseService.swift in Sources */ = {isa = PBXBuildFile; fileRef = 1B83A8C72BCEBC8F00E0C440 /* DatabaseService.swift */; };
		1B964F202BC912690005F1CF /* AppDelegate.swift in Sources */ = {isa = PBXBuildFile; fileRef = 1B964F1F2BC912690005F1CF /* AppDelegate.swift */; };
		1B964F222BC912690005F1CF /* SceneDelegate.swift in Sources */ = {isa = PBXBuildFile; fileRef = 1B964F212BC912690005F1CF /* SceneDelegate.swift */; };
		1B964F242BC912690005F1CF /* FaceVC.swift in Sources */ = {isa = PBXBuildFile; fileRef = 1B964F232BC912690005F1CF /* FaceVC.swift */; };
		1B964F2C2BC9126A0005F1CF /* Base in Resources */ = {isa = PBXBuildFile; fileRef = 1B964F2B2BC9126A0005F1CF /* Base */; };
		1B964F342BC915090005F1CF /* GoogleService-Info.plist in Resources */ = {isa = PBXBuildFile; fileRef = 1B964F332BC915090005F1CF /* GoogleService-Info.plist */; };
		1B964F532BC93B340005F1CF /* FirebaseAuth in Frameworks */ = {isa = PBXBuildFile; productRef = 1B964F522BC93B340005F1CF /* FirebaseAuth */; };
		1B964F552BC93B340005F1CF /* FirebaseDatabase in Frameworks */ = {isa = PBXBuildFile; productRef = 1B964F542BC93B340005F1CF /* FirebaseDatabase */; };
		1B964F572BC93B340005F1CF /* FirebaseDatabaseSwift in Frameworks */ = {isa = PBXBuildFile; productRef = 1B964F562BC93B340005F1CF /* FirebaseDatabaseSwift */; };
		1B964F592BC93B340005F1CF /* FirebaseFirestore in Frameworks */ = {isa = PBXBuildFile; productRef = 1B964F582BC93B340005F1CF /* FirebaseFirestore */; };
		1B964F5B2BC93B340005F1CF /* FirebaseFirestoreSwift in Frameworks */ = {isa = PBXBuildFile; productRef = 1B964F5A2BC93B340005F1CF /* FirebaseFirestoreSwift */; };
		1B964F5D2BC93B340005F1CF /* FirebaseStorage in Frameworks */ = {isa = PBXBuildFile; productRef = 1B964F5C2BC93B340005F1CF /* FirebaseStorage */; };
		1B964F602BC93B7E0005F1CF /* FirebaseAnalytics in Frameworks */ = {isa = PBXBuildFile; productRef = 1B964F5F2BC93B7E0005F1CF /* FirebaseAnalytics */; };
		1B964F702BCAE7F60005F1CF /* HandVC.swift in Sources */ = {isa = PBXBuildFile; fileRef = 1B964F6F2BCAE7F60005F1CF /* HandVC.swift */; };
		1B964F722BCAE8B10005F1CF /* CameraView.swift in Sources */ = {isa = PBXBuildFile; fileRef = 1B964F712BCAE8B10005F1CF /* CameraView.swift */; };
		1B964F742BCAE8D80005F1CF /* AppError.swift in Sources */ = {isa = PBXBuildFile; fileRef = 1B964F732BCAE8D80005F1CF /* AppError.swift */; };
		1B964F782BCB83220005F1CF /* HomeVC.swift in Sources */ = {isa = PBXBuildFile; fileRef = 1B964F772BCB83220005F1CF /* HomeVC.swift */; };
		1B97B0E72BD0C17A006761CD /* WikiVC.swift in Sources */ = {isa = PBXBuildFile; fileRef = 1B97B0E62BD0C17A006761CD /* WikiVC.swift */; };
		1B97B0E92BD0C6EC006761CD /* WikiVCTableViewCell.swift in Sources */ = {isa = PBXBuildFile; fileRef = 1B97B0E82BD0C6EC006761CD /* WikiVCTableViewCell.swift */; };
		1B9D2AC72BCBD7CC004FDF17 /* HandJointService.swift in Sources */ = {isa = PBXBuildFile; fileRef = 1B9D2AC62BCBD7CC004FDF17 /* HandJointService.swift */; };
		1B9D2ACA2BCBF988004FDF17 /* CHGlassmorphismView in Frameworks */ = {isa = PBXBuildFile; productRef = 1B9D2AC92BCBF988004FDF17 /* CHGlassmorphismView */; };
		1BF9C9052BD0057F00EBEA0E /* Assets.xcassets in Resources */ = {isa = PBXBuildFile; fileRef = 1BF9C9042BD0057F00EBEA0E /* Assets.xcassets */; };
/* End PBXBuildFile section */

/* Begin PBXFileReference section */
		1B04ACFA2BCD0F5D00F6FB8D /* AcupointLst.swift */ = {isa = PBXFileReference; lastKnownFileType = sourcecode.swift; path = AcupointLst.swift; sourceTree = "<group>"; };
		1B04ACFC2BCD129900F6FB8D /* AcupointData.swift */ = {isa = PBXFileReference; lastKnownFileType = sourcecode.swift; path = AcupointData.swift; sourceTree = "<group>"; };
		1B04ACFF2BCD331400F6FB8D /* SearchVC.swift */ = {isa = PBXFileReference; lastKnownFileType = sourcecode.swift; path = SearchVC.swift; sourceTree = "<group>"; };
		1B04AD012BCD38A300F6FB8D /* SearchTableViewCell.swift */ = {isa = PBXFileReference; lastKnownFileType = sourcecode.swift; path = SearchTableViewCell.swift; sourceTree = "<group>"; };
		1B3F84542BCF84A2004C355D /* HandPoint.swift */ = {isa = PBXFileReference; lastKnownFileType = sourcecode.swift; path = HandPoint.swift; sourceTree = "<group>"; };
		1B83A8BE2BCE7ADC00E0C440 /* HomeCollectionViewCell.swift */ = {isa = PBXFileReference; lastKnownFileType = sourcecode.swift; path = HomeCollectionViewCell.swift; sourceTree = "<group>"; };
		1B83A8C02BCE829000E0C440 /* TabController.swift */ = {isa = PBXFileReference; lastKnownFileType = sourcecode.swift; path = TabController.swift; sourceTree = "<group>"; };
		1B83A8C32BCEADA200E0C440 /* ArchiveVC.swift */ = {isa = PBXFileReference; lastKnownFileType = sourcecode.swift; path = ArchiveVC.swift; sourceTree = "<group>"; };
		1B83A8C52BCEAF6000E0C440 /* SaveData.swift */ = {isa = PBXFileReference; lastKnownFileType = sourcecode.swift; path = SaveData.swift; sourceTree = "<group>"; };
		1B83A8C72BCEBC8F00E0C440 /* DatabaseService.swift */ = {isa = PBXFileReference; lastKnownFileType = sourcecode.swift; path = DatabaseService.swift; sourceTree = "<group>"; };
		1B964F1C2BC912690005F1CF /* Acupoint.app */ = {isa = PBXFileReference; explicitFileType = wrapper.application; includeInIndex = 0; path = Acupoint.app; sourceTree = BUILT_PRODUCTS_DIR; };
		1B964F1F2BC912690005F1CF /* AppDelegate.swift */ = {isa = PBXFileReference; lastKnownFileType = sourcecode.swift; path = AppDelegate.swift; sourceTree = "<group>"; };
		1B964F212BC912690005F1CF /* SceneDelegate.swift */ = {isa = PBXFileReference; lastKnownFileType = sourcecode.swift; path = SceneDelegate.swift; sourceTree = "<group>"; };
		1B964F232BC912690005F1CF /* FaceVC.swift */ = {isa = PBXFileReference; lastKnownFileType = sourcecode.swift; path = FaceVC.swift; sourceTree = "<group>"; };
		1B964F2B2BC9126A0005F1CF /* Base */ = {isa = PBXFileReference; lastKnownFileType = file.storyboard; name = Base; path = Base.lproj/LaunchScreen.storyboard; sourceTree = "<group>"; };
		1B964F2D2BC9126A0005F1CF /* Info.plist */ = {isa = PBXFileReference; lastKnownFileType = text.plist.xml; path = Info.plist; sourceTree = "<group>"; };
		1B964F332BC915090005F1CF /* GoogleService-Info.plist */ = {isa = PBXFileReference; fileEncoding = 4; lastKnownFileType = text.plist.xml; path = "GoogleService-Info.plist"; sourceTree = "<group>"; };
		1B964F6F2BCAE7F60005F1CF /* HandVC.swift */ = {isa = PBXFileReference; lastKnownFileType = sourcecode.swift; path = HandVC.swift; sourceTree = "<group>"; };
		1B964F712BCAE8B10005F1CF /* CameraView.swift */ = {isa = PBXFileReference; lastKnownFileType = sourcecode.swift; path = CameraView.swift; sourceTree = "<group>"; };
		1B964F732BCAE8D80005F1CF /* AppError.swift */ = {isa = PBXFileReference; lastKnownFileType = sourcecode.swift; path = AppError.swift; sourceTree = "<group>"; };
		1B964F772BCB83220005F1CF /* HomeVC.swift */ = {isa = PBXFileReference; lastKnownFileType = sourcecode.swift; path = HomeVC.swift; sourceTree = "<group>"; };
		1B97B0E62BD0C17A006761CD /* WikiVC.swift */ = {isa = PBXFileReference; lastKnownFileType = sourcecode.swift; path = WikiVC.swift; sourceTree = "<group>"; };
		1B97B0E82BD0C6EC006761CD /* WikiVCTableViewCell.swift */ = {isa = PBXFileReference; lastKnownFileType = sourcecode.swift; path = WikiVCTableViewCell.swift; sourceTree = "<group>"; };
		1B9D2AC62BCBD7CC004FDF17 /* HandJointService.swift */ = {isa = PBXFileReference; lastKnownFileType = sourcecode.swift; path = HandJointService.swift; sourceTree = "<group>"; };
		1BF9C9042BD0057F00EBEA0E /* Assets.xcassets */ = {isa = PBXFileReference; lastKnownFileType = folder.assetcatalog; path = Assets.xcassets; sourceTree = "<group>"; };
/* End PBXFileReference section */

/* Begin PBXFrameworksBuildPhase section */
		1B964F192BC912690005F1CF /* Frameworks */ = {
			isa = PBXFrameworksBuildPhase;
			buildActionMask = 2147483647;
			files = (
				1B964F602BC93B7E0005F1CF /* FirebaseAnalytics in Frameworks */,
				1B964F5B2BC93B340005F1CF /* FirebaseFirestoreSwift in Frameworks */,
				1B9D2ACA2BCBF988004FDF17 /* CHGlassmorphismView in Frameworks */,
				1B964F572BC93B340005F1CF /* FirebaseDatabaseSwift in Frameworks */,
				1B964F592BC93B340005F1CF /* FirebaseFirestore in Frameworks */,
				1B964F552BC93B340005F1CF /* FirebaseDatabase in Frameworks */,
				1B964F532BC93B340005F1CF /* FirebaseAuth in Frameworks */,
				1B964F5D2BC93B340005F1CF /* FirebaseStorage in Frameworks */,
			);
			runOnlyForDeploymentPostprocessing = 0;
		};
/* End PBXFrameworksBuildPhase section */

/* Begin PBXGroup section */
		1B04ACF92BCD0F3500F6FB8D /* Model */ = {
			isa = PBXGroup;
			children = (
				1B04ACFA2BCD0F5D00F6FB8D /* AcupointLst.swift */,
				1B04ACFC2BCD129900F6FB8D /* AcupointData.swift */,
				1B83A8C72BCEBC8F00E0C440 /* DatabaseService.swift */,
				1B83A8C52BCEAF6000E0C440 /* SaveData.swift */,
			);
			path = Model;
			sourceTree = "<group>";
		};
		1B04ACFE2BCD32EE00F6FB8D /* SearchPage */ = {
			isa = PBXGroup;
			children = (
				1B04ACFF2BCD331400F6FB8D /* SearchVC.swift */,
				1B04AD012BCD38A300F6FB8D /* SearchTableViewCell.swift */,
			);
			path = SearchPage;
			sourceTree = "<group>";
		};
		1B83A8BB2BCE752100E0C440 /* HomePage */ = {
			isa = PBXGroup;
			children = (
				1B964F772BCB83220005F1CF /* HomeVC.swift */,
				1B83A8BE2BCE7ADC00E0C440 /* HomeCollectionViewCell.swift */,
			);
			path = HomePage;
			sourceTree = "<group>";
		};
		1B83A8C22BCEAD5A00E0C440 /* ArchivePage */ = {
			isa = PBXGroup;
			children = (
				1B83A8C32BCEADA200E0C440 /* ArchiveVC.swift */,
			);
			path = ArchivePage;
			sourceTree = "<group>";
		};
		1B964F132BC912680005F1CF = {
			isa = PBXGroup;
			children = (
				1B964F1E2BC912690005F1CF /* Acupoint */,
				1B964F1D2BC912690005F1CF /* Products */,
				1B964F5E2BC93B7E0005F1CF /* Frameworks */,
			);
			sourceTree = "<group>";
		};
		1B964F1D2BC912690005F1CF /* Products */ = {
			isa = PBXGroup;
			children = (
				1B964F1C2BC912690005F1CF /* Acupoint.app */,
			);
			name = Products;
			sourceTree = "<group>";
		};
		1B964F1E2BC912690005F1CF /* Acupoint */ = {
			isa = PBXGroup;
			children = (
				1B964F1F2BC912690005F1CF /* AppDelegate.swift */,
				1B964F212BC912690005F1CF /* SceneDelegate.swift */,
				1B83A8C02BCE829000E0C440 /* TabController.swift */,
				1B04ACF92BCD0F3500F6FB8D /* Model */,
				1B83A8BB2BCE752100E0C440 /* HomePage */,
				1B83A8C22BCEAD5A00E0C440 /* ArchivePage */,
				1B04ACFE2BCD32EE00F6FB8D /* SearchPage */,
				1B964F762BCAE9410005F1CF /* FaceTrack */,
				1B964F752BCAE9330005F1CF /* HandTrack */,
				1B97B0E52BD0C135006761CD /* AcuWiKiPage */,
				1B964F2A2BC9126A0005F1CF /* LaunchScreen.storyboard */,
				1BF9C9042BD0057F00EBEA0E /* Assets.xcassets */,
				1B964F2D2BC9126A0005F1CF /* Info.plist */,
				1B964F332BC915090005F1CF /* GoogleService-Info.plist */,
			);
			path = Acupoint;
			sourceTree = "<group>";
		};
		1B964F5E2BC93B7E0005F1CF /* Frameworks */ = {
			isa = PBXGroup;
			children = (
			);
			name = Frameworks;
			sourceTree = "<group>";
		};
		1B964F752BCAE9330005F1CF /* HandTrack */ = {
			isa = PBXGroup;
			children = (
				1B964F6F2BCAE7F60005F1CF /* HandVC.swift */,
				1B9D2AC62BCBD7CC004FDF17 /* HandJointService.swift */,
				1B3F84542BCF84A2004C355D /* HandPoint.swift */,
				1B964F712BCAE8B10005F1CF /* CameraView.swift */,
				1B964F732BCAE8D80005F1CF /* AppError.swift */,
			);
			path = HandTrack;
			sourceTree = "<group>";
		};
		1B964F762BCAE9410005F1CF /* FaceTrack */ = {
			isa = PBXGroup;
			children = (
				1B964F232BC912690005F1CF /* FaceVC.swift */,
			);
			path = FaceTrack;
			sourceTree = "<group>";
		};
		1B97B0E52BD0C135006761CD /* AcuWiKiPage */ = {
			isa = PBXGroup;
			children = (
				1B97B0E62BD0C17A006761CD /* WikiVC.swift */,
				1B97B0E82BD0C6EC006761CD /* WikiVCTableViewCell.swift */,
			);
			path = AcuWiKiPage;
			sourceTree = "<group>";
		};
/* End PBXGroup section */

/* Begin PBXNativeTarget section */
		1B964F1B2BC912690005F1CF /* Acupoint */ = {
			isa = PBXNativeTarget;
			buildConfigurationList = 1B964F302BC9126A0005F1CF /* Build configuration list for PBXNativeTarget "Acupoint" */;
			buildPhases = (
				1B964F182BC912690005F1CF /* Sources */,
				1B964F192BC912690005F1CF /* Frameworks */,
				1B964F1A2BC912690005F1CF /* Resources */,
			);
			buildRules = (
			);
			dependencies = (
				1B964F642BC93ED90005F1CF /* PBXTargetDependency */,
			);
			name = Acupoint;
			packageProductDependencies = (
				1B964F522BC93B340005F1CF /* FirebaseAuth */,
				1B964F542BC93B340005F1CF /* FirebaseDatabase */,
				1B964F562BC93B340005F1CF /* FirebaseDatabaseSwift */,
				1B964F582BC93B340005F1CF /* FirebaseFirestore */,
				1B964F5A2BC93B340005F1CF /* FirebaseFirestoreSwift */,
				1B964F5C2BC93B340005F1CF /* FirebaseStorage */,
				1B964F5F2BC93B7E0005F1CF /* FirebaseAnalytics */,
				1B9D2AC92BCBF988004FDF17 /* CHGlassmorphismView */,
			);
			productName = Acupoint;
			productReference = 1B964F1C2BC912690005F1CF /* Acupoint.app */;
			productType = "com.apple.product-type.application";
		};
/* End PBXNativeTarget section */

/* Begin PBXProject section */
		1B964F142BC912680005F1CF /* Project object */ = {
			isa = PBXProject;
			attributes = {
				BuildIndependentTargetsInParallel = 1;
				LastSwiftUpdateCheck = 1530;
				LastUpgradeCheck = 1530;
				TargetAttributes = {
					1B964F1B2BC912690005F1CF = {
						CreatedOnToolsVersion = 15.3;
					};
				};
			};
			buildConfigurationList = 1B964F172BC912680005F1CF /* Build configuration list for PBXProject "Acupoint" */;
			compatibilityVersion = "Xcode 14.0";
			developmentRegion = en;
			hasScannedForEncodings = 0;
			knownRegions = (
				en,
				Base,
			);
			mainGroup = 1B964F132BC912680005F1CF;
			packageReferences = (
				1B964F472BC9365D0005F1CF /* XCRemoteSwiftPackageReference "SwiftLint" */,
				1B964F512BC93B340005F1CF /* XCRemoteSwiftPackageReference "firebase-ios-sdk" */,
				1B9D2AC82BCBF988004FDF17 /* XCRemoteSwiftPackageReference "CHGlassmorphismView" */,
			);
			productRefGroup = 1B964F1D2BC912690005F1CF /* Products */;
			projectDirPath = "";
			projectRoot = "";
			targets = (
				1B964F1B2BC912690005F1CF /* Acupoint */,
			);
		};
/* End PBXProject section */

/* Begin PBXResourcesBuildPhase section */
		1B964F1A2BC912690005F1CF /* Resources */ = {
			isa = PBXResourcesBuildPhase;
			buildActionMask = 2147483647;
			files = (
				1B964F342BC915090005F1CF /* GoogleService-Info.plist in Resources */,
				1BF9C9052BD0057F00EBEA0E /* Assets.xcassets in Resources */,
				1B964F2C2BC9126A0005F1CF /* Base in Resources */,
			);
			runOnlyForDeploymentPostprocessing = 0;
		};
/* End PBXResourcesBuildPhase section */

/* Begin PBXSourcesBuildPhase section */
		1B964F182BC912690005F1CF /* Sources */ = {
			isa = PBXSourcesBuildPhase;
			buildActionMask = 2147483647;
			files = (
				1B97B0E92BD0C6EC006761CD /* WikiVCTableViewCell.swift in Sources */,
				1B83A8C82BCEBC8F00E0C440 /* DatabaseService.swift in Sources */,
				1B964F702BCAE7F60005F1CF /* HandVC.swift in Sources */,
				1B04AD002BCD331400F6FB8D /* SearchVC.swift in Sources */,
				1B83A8C62BCEAF6000E0C440 /* SaveData.swift in Sources */,
				1B83A8C12BCE829000E0C440 /* TabController.swift in Sources */,
				1B9D2AC72BCBD7CC004FDF17 /* HandJointService.swift in Sources */,
				1B964F782BCB83220005F1CF /* HomeVC.swift in Sources */,
				1B964F242BC912690005F1CF /* FaceVC.swift in Sources */,
				1B83A8BF2BCE7ADC00E0C440 /* HomeCollectionViewCell.swift in Sources */,
				1B04ACFD2BCD129900F6FB8D /* AcupointData.swift in Sources */,
				1B964F742BCAE8D80005F1CF /* AppError.swift in Sources */,
				1B97B0E72BD0C17A006761CD /* WikiVC.swift in Sources */,
				1B3F84552BCF84A2004C355D /* HandPoint.swift in Sources */,
				1B964F202BC912690005F1CF /* AppDelegate.swift in Sources */,
				1B964F722BCAE8B10005F1CF /* CameraView.swift in Sources */,
				1B83A8C42BCEADA200E0C440 /* ArchiveVC.swift in Sources */,
				1B04AD022BCD38A300F6FB8D /* SearchTableViewCell.swift in Sources */,
				1B04ACFB2BCD0F5D00F6FB8D /* AcupointLst.swift in Sources */,
				1B964F222BC912690005F1CF /* SceneDelegate.swift in Sources */,
			);
			runOnlyForDeploymentPostprocessing = 0;
		};
/* End PBXSourcesBuildPhase section */

/* Begin PBXTargetDependency section */
		1B964F642BC93ED90005F1CF /* PBXTargetDependency */ = {
			isa = PBXTargetDependency;
			productRef = 1B964F632BC93ED90005F1CF /* SwiftLintPlugin */;
		};
/* End PBXTargetDependency section */

/* Begin PBXVariantGroup section */
		1B964F2A2BC9126A0005F1CF /* LaunchScreen.storyboard */ = {
			isa = PBXVariantGroup;
			children = (
				1B964F2B2BC9126A0005F1CF /* Base */,
			);
			name = LaunchScreen.storyboard;
			sourceTree = "<group>";
		};
/* End PBXVariantGroup section */

/* Begin XCBuildConfiguration section */
		1B964F2E2BC9126A0005F1CF /* Debug */ = {
			isa = XCBuildConfiguration;
			buildSettings = {
				ALWAYS_SEARCH_USER_PATHS = NO;
				ASSETCATALOG_COMPILER_GENERATE_SWIFT_ASSET_SYMBOL_EXTENSIONS = YES;
				CLANG_ANALYZER_NONNULL = YES;
				CLANG_ANALYZER_NUMBER_OBJECT_CONVERSION = YES_AGGRESSIVE;
				CLANG_CXX_LANGUAGE_STANDARD = "gnu++20";
				CLANG_ENABLE_MODULES = YES;
				CLANG_ENABLE_OBJC_ARC = YES;
				CLANG_ENABLE_OBJC_WEAK = YES;
				CLANG_WARN_BLOCK_CAPTURE_AUTORELEASING = YES;
				CLANG_WARN_BOOL_CONVERSION = YES;
				CLANG_WARN_COMMA = YES;
				CLANG_WARN_CONSTANT_CONVERSION = YES;
				CLANG_WARN_DEPRECATED_OBJC_IMPLEMENTATIONS = YES;
				CLANG_WARN_DIRECT_OBJC_ISA_USAGE = YES_ERROR;
				CLANG_WARN_DOCUMENTATION_COMMENTS = YES;
				CLANG_WARN_EMPTY_BODY = YES;
				CLANG_WARN_ENUM_CONVERSION = YES;
				CLANG_WARN_INFINITE_RECURSION = YES;
				CLANG_WARN_INT_CONVERSION = YES;
				CLANG_WARN_NON_LITERAL_NULL_CONVERSION = YES;
				CLANG_WARN_OBJC_IMPLICIT_RETAIN_SELF = YES;
				CLANG_WARN_OBJC_LITERAL_CONVERSION = YES;
				CLANG_WARN_OBJC_ROOT_CLASS = YES_ERROR;
				CLANG_WARN_QUOTED_INCLUDE_IN_FRAMEWORK_HEADER = YES;
				CLANG_WARN_RANGE_LOOP_ANALYSIS = YES;
				CLANG_WARN_STRICT_PROTOTYPES = YES;
				CLANG_WARN_SUSPICIOUS_MOVE = YES;
				CLANG_WARN_UNGUARDED_AVAILABILITY = YES_AGGRESSIVE;
				CLANG_WARN_UNREACHABLE_CODE = YES;
				CLANG_WARN__DUPLICATE_METHOD_MATCH = YES;
				COPY_PHASE_STRIP = NO;
				DEBUG_INFORMATION_FORMAT = dwarf;
				ENABLE_STRICT_OBJC_MSGSEND = YES;
				ENABLE_TESTABILITY = YES;
				ENABLE_USER_SCRIPT_SANDBOXING = YES;
				GCC_C_LANGUAGE_STANDARD = gnu17;
				GCC_DYNAMIC_NO_PIC = NO;
				GCC_NO_COMMON_BLOCKS = YES;
				GCC_OPTIMIZATION_LEVEL = 0;
				GCC_PREPROCESSOR_DEFINITIONS = (
					"DEBUG=1",
					"$(inherited)",
				);
				GCC_WARN_64_TO_32_BIT_CONVERSION = YES;
				GCC_WARN_ABOUT_RETURN_TYPE = YES_ERROR;
				GCC_WARN_UNDECLARED_SELECTOR = YES;
				GCC_WARN_UNINITIALIZED_AUTOS = YES_AGGRESSIVE;
				GCC_WARN_UNUSED_FUNCTION = YES;
				GCC_WARN_UNUSED_VARIABLE = YES;
				IPHONEOS_DEPLOYMENT_TARGET = 17.0;
				LOCALIZATION_PREFERS_STRING_CATALOGS = YES;
				MTL_ENABLE_DEBUG_INFO = INCLUDE_SOURCE;
				MTL_FAST_MATH = YES;
				ONLY_ACTIVE_ARCH = YES;
				SDKROOT = iphoneos;
				SWIFT_ACTIVE_COMPILATION_CONDITIONS = "DEBUG $(inherited)";
				SWIFT_OPTIMIZATION_LEVEL = "-Onone";
			};
			name = Debug;
		};
		1B964F2F2BC9126A0005F1CF /* Release */ = {
			isa = XCBuildConfiguration;
			buildSettings = {
				ALWAYS_SEARCH_USER_PATHS = NO;
				ASSETCATALOG_COMPILER_GENERATE_SWIFT_ASSET_SYMBOL_EXTENSIONS = YES;
				CLANG_ANALYZER_NONNULL = YES;
				CLANG_ANALYZER_NUMBER_OBJECT_CONVERSION = YES_AGGRESSIVE;
				CLANG_CXX_LANGUAGE_STANDARD = "gnu++20";
				CLANG_ENABLE_MODULES = YES;
				CLANG_ENABLE_OBJC_ARC = YES;
				CLANG_ENABLE_OBJC_WEAK = YES;
				CLANG_WARN_BLOCK_CAPTURE_AUTORELEASING = YES;
				CLANG_WARN_BOOL_CONVERSION = YES;
				CLANG_WARN_COMMA = YES;
				CLANG_WARN_CONSTANT_CONVERSION = YES;
				CLANG_WARN_DEPRECATED_OBJC_IMPLEMENTATIONS = YES;
				CLANG_WARN_DIRECT_OBJC_ISA_USAGE = YES_ERROR;
				CLANG_WARN_DOCUMENTATION_COMMENTS = YES;
				CLANG_WARN_EMPTY_BODY = YES;
				CLANG_WARN_ENUM_CONVERSION = YES;
				CLANG_WARN_INFINITE_RECURSION = YES;
				CLANG_WARN_INT_CONVERSION = YES;
				CLANG_WARN_NON_LITERAL_NULL_CONVERSION = YES;
				CLANG_WARN_OBJC_IMPLICIT_RETAIN_SELF = YES;
				CLANG_WARN_OBJC_LITERAL_CONVERSION = YES;
				CLANG_WARN_OBJC_ROOT_CLASS = YES_ERROR;
				CLANG_WARN_QUOTED_INCLUDE_IN_FRAMEWORK_HEADER = YES;
				CLANG_WARN_RANGE_LOOP_ANALYSIS = YES;
				CLANG_WARN_STRICT_PROTOTYPES = YES;
				CLANG_WARN_SUSPICIOUS_MOVE = YES;
				CLANG_WARN_UNGUARDED_AVAILABILITY = YES_AGGRESSIVE;
				CLANG_WARN_UNREACHABLE_CODE = YES;
				CLANG_WARN__DUPLICATE_METHOD_MATCH = YES;
				COPY_PHASE_STRIP = NO;
				DEBUG_INFORMATION_FORMAT = "dwarf-with-dsym";
				ENABLE_NS_ASSERTIONS = NO;
				ENABLE_STRICT_OBJC_MSGSEND = YES;
				ENABLE_USER_SCRIPT_SANDBOXING = YES;
				GCC_C_LANGUAGE_STANDARD = gnu17;
				GCC_NO_COMMON_BLOCKS = YES;
				GCC_WARN_64_TO_32_BIT_CONVERSION = YES;
				GCC_WARN_ABOUT_RETURN_TYPE = YES_ERROR;
				GCC_WARN_UNDECLARED_SELECTOR = YES;
				GCC_WARN_UNINITIALIZED_AUTOS = YES_AGGRESSIVE;
				GCC_WARN_UNUSED_FUNCTION = YES;
				GCC_WARN_UNUSED_VARIABLE = YES;
				IPHONEOS_DEPLOYMENT_TARGET = 17.0;
				LOCALIZATION_PREFERS_STRING_CATALOGS = YES;
				MTL_ENABLE_DEBUG_INFO = NO;
				MTL_FAST_MATH = YES;
				SDKROOT = iphoneos;
				SWIFT_COMPILATION_MODE = wholemodule;
				VALIDATE_PRODUCT = YES;
			};
			name = Release;
		};
		1B964F312BC9126A0005F1CF /* Debug */ = {
			isa = XCBuildConfiguration;
			buildSettings = {
				ASSETCATALOG_COMPILER_APPICON_NAME = AppIcon;
				ASSETCATALOG_COMPILER_GLOBAL_ACCENT_COLOR_NAME = AccentColor;
				CODE_SIGN_STYLE = Automatic;
				CURRENT_PROJECT_VERSION = 1;
				DEVELOPMENT_TEAM = 96FT7QHVFB;
				GENERATE_INFOPLIST_FILE = YES;
				INFOPLIST_FILE = Acupoint/Info.plist;
				INFOPLIST_KEY_NSCameraUsageDescription = "Acupoint想要使用您的相機";
				INFOPLIST_KEY_UIApplicationSupportsIndirectInputEvents = YES;
				INFOPLIST_KEY_UILaunchStoryboardName = LaunchScreen;
				INFOPLIST_KEY_UISupportedInterfaceOrientations_iPad = "UIInterfaceOrientationPortrait UIInterfaceOrientationPortraitUpsideDown UIInterfaceOrientationLandscapeLeft UIInterfaceOrientationLandscapeRight";
				INFOPLIST_KEY_UISupportedInterfaceOrientations_iPhone = "UIInterfaceOrientationPortrait UIInterfaceOrientationLandscapeLeft UIInterfaceOrientationLandscapeRight";
				IPHONEOS_DEPLOYMENT_TARGET = 17.0;
				LD_RUNPATH_SEARCH_PATHS = (
					"$(inherited)",
					"@executable_path/Frameworks",
				);
				MARKETING_VERSION = 1.0;
				PRODUCT_BUNDLE_IDENTIFIER = com.bane.Acupoint;
				PRODUCT_NAME = "$(TARGET_NAME)";
				SWIFT_EMIT_LOC_STRINGS = YES;
				SWIFT_VERSION = 5.0;
				TARGETED_DEVICE_FAMILY = "1,2";
			};
			name = Debug;
		};
		1B964F322BC9126A0005F1CF /* Release */ = {
			isa = XCBuildConfiguration;
			buildSettings = {
				ASSETCATALOG_COMPILER_APPICON_NAME = AppIcon;
				ASSETCATALOG_COMPILER_GLOBAL_ACCENT_COLOR_NAME = AccentColor;
				CODE_SIGN_STYLE = Automatic;
				CURRENT_PROJECT_VERSION = 1;
				DEVELOPMENT_TEAM = 96FT7QHVFB;
				GENERATE_INFOPLIST_FILE = YES;
				INFOPLIST_FILE = Acupoint/Info.plist;
				INFOPLIST_KEY_NSCameraUsageDescription = "Acupoint想要使用您的相機";
				INFOPLIST_KEY_UIApplicationSupportsIndirectInputEvents = YES;
				INFOPLIST_KEY_UILaunchStoryboardName = LaunchScreen;
				INFOPLIST_KEY_UISupportedInterfaceOrientations_iPad = "UIInterfaceOrientationPortrait UIInterfaceOrientationPortraitUpsideDown UIInterfaceOrientationLandscapeLeft UIInterfaceOrientationLandscapeRight";
				INFOPLIST_KEY_UISupportedInterfaceOrientations_iPhone = "UIInterfaceOrientationPortrait UIInterfaceOrientationLandscapeLeft UIInterfaceOrientationLandscapeRight";
				IPHONEOS_DEPLOYMENT_TARGET = 17.0;
				LD_RUNPATH_SEARCH_PATHS = (
					"$(inherited)",
					"@executable_path/Frameworks",
				);
				MARKETING_VERSION = 1.0;
				PRODUCT_BUNDLE_IDENTIFIER = com.bane.Acupoint;
				PRODUCT_NAME = "$(TARGET_NAME)";
				SWIFT_EMIT_LOC_STRINGS = YES;
				SWIFT_VERSION = 5.0;
				TARGETED_DEVICE_FAMILY = "1,2";
			};
			name = Release;
		};
/* End XCBuildConfiguration section */

/* Begin XCConfigurationList section */
		1B964F172BC912680005F1CF /* Build configuration list for PBXProject "Acupoint" */ = {
			isa = XCConfigurationList;
			buildConfigurations = (
				1B964F2E2BC9126A0005F1CF /* Debug */,
				1B964F2F2BC9126A0005F1CF /* Release */,
			);
			defaultConfigurationIsVisible = 0;
			defaultConfigurationName = Release;
		};
		1B964F302BC9126A0005F1CF /* Build configuration list for PBXNativeTarget "Acupoint" */ = {
			isa = XCConfigurationList;
			buildConfigurations = (
				1B964F312BC9126A0005F1CF /* Debug */,
				1B964F322BC9126A0005F1CF /* Release */,
			);
			defaultConfigurationIsVisible = 0;
			defaultConfigurationName = Release;
		};
/* End XCConfigurationList section */

/* Begin XCRemoteSwiftPackageReference section */
		1B964F472BC9365D0005F1CF /* XCRemoteSwiftPackageReference "SwiftLint" */ = {
			isa = XCRemoteSwiftPackageReference;
			repositoryURL = "https://github.com/realm/SwiftLint.git";
			requirement = {
				kind = upToNextMinorVersion;
				minimumVersion = 0.54.0;
			};
		};
		1B964F512BC93B340005F1CF /* XCRemoteSwiftPackageReference "firebase-ios-sdk" */ = {
			isa = XCRemoteSwiftPackageReference;
			repositoryURL = "https://github.com/firebase/firebase-ios-sdk";
			requirement = {
				kind = upToNextMajorVersion;
				minimumVersion = 10.24.0;
			};
		};
		1B9D2AC82BCBF988004FDF17 /* XCRemoteSwiftPackageReference "CHGlassmorphismView" */ = {
			isa = XCRemoteSwiftPackageReference;
			repositoryURL = "https://github.com/Chaehui-Seo/CHGlassmorphismView.git";
			requirement = {
				kind = upToNextMajorVersion;
				minimumVersion = 0.0.4;
			};
		};
/* End XCRemoteSwiftPackageReference section */

/* Begin XCSwiftPackageProductDependency section */
		1B964F522BC93B340005F1CF /* FirebaseAuth */ = {
			isa = XCSwiftPackageProductDependency;
			package = 1B964F512BC93B340005F1CF /* XCRemoteSwiftPackageReference "firebase-ios-sdk" */;
			productName = FirebaseAuth;
		};
		1B964F542BC93B340005F1CF /* FirebaseDatabase */ = {
			isa = XCSwiftPackageProductDependency;
			package = 1B964F512BC93B340005F1CF /* XCRemoteSwiftPackageReference "firebase-ios-sdk" */;
			productName = FirebaseDatabase;
		};
		1B964F562BC93B340005F1CF /* FirebaseDatabaseSwift */ = {
			isa = XCSwiftPackageProductDependency;
			package = 1B964F512BC93B340005F1CF /* XCRemoteSwiftPackageReference "firebase-ios-sdk" */;
			productName = FirebaseDatabaseSwift;
		};
		1B964F582BC93B340005F1CF /* FirebaseFirestore */ = {
			isa = XCSwiftPackageProductDependency;
			package = 1B964F512BC93B340005F1CF /* XCRemoteSwiftPackageReference "firebase-ios-sdk" */;
			productName = FirebaseFirestore;
		};
		1B964F5A2BC93B340005F1CF /* FirebaseFirestoreSwift */ = {
			isa = XCSwiftPackageProductDependency;
			package = 1B964F512BC93B340005F1CF /* XCRemoteSwiftPackageReference "firebase-ios-sdk" */;
			productName = FirebaseFirestoreSwift;
		};
		1B964F5C2BC93B340005F1CF /* FirebaseStorage */ = {
			isa = XCSwiftPackageProductDependency;
			package = 1B964F512BC93B340005F1CF /* XCRemoteSwiftPackageReference "firebase-ios-sdk" */;
			productName = FirebaseStorage;
		};
		1B964F5F2BC93B7E0005F1CF /* FirebaseAnalytics */ = {
			isa = XCSwiftPackageProductDependency;
			package = 1B964F512BC93B340005F1CF /* XCRemoteSwiftPackageReference "firebase-ios-sdk" */;
			productName = FirebaseAnalytics;
		};
		1B964F632BC93ED90005F1CF /* SwiftLintPlugin */ = {
			isa = XCSwiftPackageProductDependency;
			package = 1B964F472BC9365D0005F1CF /* XCRemoteSwiftPackageReference "SwiftLint" */;
			productName = "plugin:SwiftLintPlugin";
		};
		1B9D2AC92BCBF988004FDF17 /* CHGlassmorphismView */ = {
			isa = XCSwiftPackageProductDependency;
			package = 1B9D2AC82BCBF988004FDF17 /* XCRemoteSwiftPackageReference "CHGlassmorphismView" */;
			productName = CHGlassmorphismView;
		};
/* End XCSwiftPackageProductDependency section */
	};
	rootObject = 1B964F142BC912680005F1CF /* Project object */;
}
